// !$*UTF8*$!
{
	archiveVersion = 1;
	classes = {
	};
	objectVersion = 55;
	objects = {

/* Begin PBXBuildFile section */
		EF86303327B4FA7A00E15BB3 /* EmergencyAnnouncementsApp.swift in Sources */ = {isa = PBXBuildFile; fileRef = EF86303227B4FA7A00E15BB3 /* EmergencyAnnouncementsApp.swift */; };
		EF86303527B4FA7A00E15BB3 /* ContentView.swift in Sources */ = {isa = PBXBuildFile; fileRef = EF86303427B4FA7A00E15BB3 /* ContentView.swift */; };
		EF86303727B4FA7C00E15BB3 /* Assets.xcassets in Resources */ = {isa = PBXBuildFile; fileRef = EF86303627B4FA7C00E15BB3 /* Assets.xcassets */; };
		EF86303A27B4FA7C00E15BB3 /* Preview Assets.xcassets in Resources */ = {isa = PBXBuildFile; fileRef = EF86303927B4FA7C00E15BB3 /* Preview Assets.xcassets */; };
		EF86304427B4FA7C00E15BB3 /* EmergencyAnnouncementsTests.swift in Sources */ = {isa = PBXBuildFile; fileRef = EF86304327B4FA7C00E15BB3 /* EmergencyAnnouncementsTests.swift */; };
		EF86304E27B4FA7C00E15BB3 /* EmergencyAnnouncementsUITests.swift in Sources */ = {isa = PBXBuildFile; fileRef = EF86304D27B4FA7C00E15BB3 /* EmergencyAnnouncementsUITests.swift */; };
		EF86305027B4FA7C00E15BB3 /* EmergencyAnnouncementsUITestsLaunchTests.swift in Sources */ = {isa = PBXBuildFile; fileRef = EF86304F27B4FA7C00E15BB3 /* EmergencyAnnouncementsUITestsLaunchTests.swift */; };
/* End PBXBuildFile section */

/* Begin PBXContainerItemProxy section */
		EF86304027B4FA7C00E15BB3 /* PBXContainerItemProxy */ = {
			isa = PBXContainerItemProxy;
			containerPortal = EF86302727B4FA7A00E15BB3 /* Project object */;
			proxyType = 1;
			remoteGlobalIDString = EF86302E27B4FA7A00E15BB3;
			remoteInfo = EmergencyAnnouncements;
		};
		EF86304A27B4FA7C00E15BB3 /* PBXContainerItemProxy */ = {
			isa = PBXContainerItemProxy;
			containerPortal = EF86302727B4FA7A00E15BB3 /* Project object */;
			proxyType = 1;
			remoteGlobalIDString = EF86302E27B4FA7A00E15BB3;
			remoteInfo = EmergencyAnnouncements;
		};
/* End PBXContainerItemProxy section */

/* Begin PBXFileReference section */
		EF86302F27B4FA7A00E15BB3 /* EmergencyAnnouncements.app */ = {isa = PBXFileReference; explicitFileType = wrapper.application; includeInIndex = 0; path = EmergencyAnnouncements.app; sourceTree = BUILT_PRODUCTS_DIR; };
		EF86303227B4FA7A00E15BB3 /* EmergencyAnnouncementsApp.swift */ = {isa = PBXFileReference; lastKnownFileType = sourcecode.swift; path = EmergencyAnnouncementsApp.swift; sourceTree = "<group>"; };
		EF86303427B4FA7A00E15BB3 /* ContentView.swift */ = {isa = PBXFileReference; lastKnownFileType = sourcecode.swift; path = ContentView.swift; sourceTree = "<group>"; };
		EF86303627B4FA7C00E15BB3 /* Assets.xcassets */ = {isa = PBXFileReference; lastKnownFileType = folder.assetcatalog; path = Assets.xcassets; sourceTree = "<group>"; };
		EF86303927B4FA7C00E15BB3 /* Preview Assets.xcassets */ = {isa = PBXFileReference; lastKnownFileType = folder.assetcatalog; path = "Preview Assets.xcassets"; sourceTree = "<group>"; };
		EF86303F27B4FA7C00E15BB3 /* EmergencyAnnouncementsTests.xctest */ = {isa = PBXFileReference; explicitFileType = wrapper.cfbundle; includeInIndex = 0; path = EmergencyAnnouncementsTests.xctest; sourceTree = BUILT_PRODUCTS_DIR; };
		EF86304327B4FA7C00E15BB3 /* EmergencyAnnouncementsTests.swift */ = {isa = PBXFileReference; lastKnownFileType = sourcecode.swift; path = EmergencyAnnouncementsTests.swift; sourceTree = "<group>"; };
		EF86304927B4FA7C00E15BB3 /* EmergencyAnnouncementsUITests.xctest */ = {isa = PBXFileReference; explicitFileType = wrapper.cfbundle; includeInIndex = 0; path = EmergencyAnnouncementsUITests.xctest; sourceTree = BUILT_PRODUCTS_DIR; };
		EF86304D27B4FA7C00E15BB3 /* EmergencyAnnouncementsUITests.swift */ = {isa = PBXFileReference; lastKnownFileType = sourcecode.swift; path = EmergencyAnnouncementsUITests.swift; sourceTree = "<group>"; };
		EF86304F27B4FA7C00E15BB3 /* EmergencyAnnouncementsUITestsLaunchTests.swift */ = {isa = PBXFileReference; lastKnownFileType = sourcecode.swift; path = EmergencyAnnouncementsUITestsLaunchTests.swift; sourceTree = "<group>"; };
/* End PBXFileReference section */

/* Begin PBXFrameworksBuildPhase section */
		EF86302C27B4FA7A00E15BB3 /* Frameworks */ = {
			isa = PBXFrameworksBuildPhase;
			buildActionMask = 2147483647;
			files = (
			);
			runOnlyForDeploymentPostprocessing = 0;
		};
		EF86303C27B4FA7C00E15BB3 /* Frameworks */ = {
			isa = PBXFrameworksBuildPhase;
			buildActionMask = 2147483647;
			files = (
			);
			runOnlyForDeploymentPostprocessing = 0;
		};
		EF86304627B4FA7C00E15BB3 /* Frameworks */ = {
			isa = PBXFrameworksBuildPhase;
			buildActionMask = 2147483647;
			files = (
			);
			runOnlyForDeploymentPostprocessing = 0;
		};
/* End PBXFrameworksBuildPhase section */

/* Begin PBXGroup section */
		EF86302627B4FA7A00E15BB3 = {
			isa = PBXGroup;
			children = (
				EF86303127B4FA7A00E15BB3 /* EmergencyAnnouncements */,
				EF86304227B4FA7C00E15BB3 /* EmergencyAnnouncementsTests */,
				EF86304C27B4FA7C00E15BB3 /* EmergencyAnnouncementsUITests */,
				EF86303027B4FA7A00E15BB3 /* Products */,
			);
			sourceTree = "<group>";
		};
		EF86303027B4FA7A00E15BB3 /* Products */ = {
			isa = PBXGroup;
			children = (
				EF86302F27B4FA7A00E15BB3 /* EmergencyAnnouncements.app */,
				EF86303F27B4FA7C00E15BB3 /* EmergencyAnnouncementsTests.xctest */,
				EF86304927B4FA7C00E15BB3 /* EmergencyAnnouncementsUITests.xctest */,
			);
			name = Products;
			sourceTree = "<group>";
		};
		EF86303127B4FA7A00E15BB3 /* EmergencyAnnouncements */ = {
			isa = PBXGroup;
			children = (
				EF86303227B4FA7A00E15BB3 /* EmergencyAnnouncementsApp.swift */,
				EF86303427B4FA7A00E15BB3 /* ContentView.swift */,
				EF86303627B4FA7C00E15BB3 /* Assets.xcassets */,
				EF86303827B4FA7C00E15BB3 /* Preview Content */,
			);
			path = EmergencyAnnouncements;
			sourceTree = "<group>";
		};
		EF86303827B4FA7C00E15BB3 /* Preview Content */ = {
			isa = PBXGroup;
			children = (
				EF86303927B4FA7C00E15BB3 /* Preview Assets.xcassets */,
			);
			path = "Preview Content";
			sourceTree = "<group>";
		};
		EF86304227B4FA7C00E15BB3 /* EmergencyAnnouncementsTests */ = {
			isa = PBXGroup;
			children = (
				EF86304327B4FA7C00E15BB3 /* EmergencyAnnouncementsTests.swift */,
			);
			path = EmergencyAnnouncementsTests;
			sourceTree = "<group>";
		};
		EF86304C27B4FA7C00E15BB3 /* EmergencyAnnouncementsUITests */ = {
			isa = PBXGroup;
			children = (
				EF86304D27B4FA7C00E15BB3 /* EmergencyAnnouncementsUITests.swift */,
				EF86304F27B4FA7C00E15BB3 /* EmergencyAnnouncementsUITestsLaunchTests.swift */,
			);
			path = EmergencyAnnouncementsUITests;
			sourceTree = "<group>";
		};
/* End PBXGroup section */

/* Begin PBXNativeTarget section */
		EF86302E27B4FA7A00E15BB3 /* EmergencyAnnouncements */ = {
			isa = PBXNativeTarget;
			buildConfigurationList = EF86305327B4FA7C00E15BB3 /* Build configuration list for PBXNativeTarget "EmergencyAnnouncements" */;
			buildPhases = (
				EF86302B27B4FA7A00E15BB3 /* Sources */,
				EF86302C27B4FA7A00E15BB3 /* Frameworks */,
				EF86302D27B4FA7A00E15BB3 /* Resources */,
			);
			buildRules = (
			);
			dependencies = (
			);
			name = EmergencyAnnouncements;
			productName = EmergencyAnnouncements;
			productReference = EF86302F27B4FA7A00E15BB3 /* EmergencyAnnouncements.app */;
			productType = "com.apple.product-type.application";
		};
		EF86303E27B4FA7C00E15BB3 /* EmergencyAnnouncementsTests */ = {
			isa = PBXNativeTarget;
			buildConfigurationList = EF86305627B4FA7C00E15BB3 /* Build configuration list for PBXNativeTarget "EmergencyAnnouncementsTests" */;
			buildPhases = (
				EF86303B27B4FA7C00E15BB3 /* Sources */,
				EF86303C27B4FA7C00E15BB3 /* Frameworks */,
				EF86303D27B4FA7C00E15BB3 /* Resources */,
			);
			buildRules = (
			);
			dependencies = (
				EF86304127B4FA7C00E15BB3 /* PBXTargetDependency */,
			);
			name = EmergencyAnnouncementsTests;
			productName = EmergencyAnnouncementsTests;
			productReference = EF86303F27B4FA7C00E15BB3 /* EmergencyAnnouncementsTests.xctest */;
			productType = "com.apple.product-type.bundle.unit-test";
		};
		EF86304827B4FA7C00E15BB3 /* EmergencyAnnouncementsUITests */ = {
			isa = PBXNativeTarget;
			buildConfigurationList = EF86305927B4FA7C00E15BB3 /* Build configuration list for PBXNativeTarget "EmergencyAnnouncementsUITests" */;
			buildPhases = (
				EF86304527B4FA7C00E15BB3 /* Sources */,
				EF86304627B4FA7C00E15BB3 /* Frameworks */,
				EF86304727B4FA7C00E15BB3 /* Resources */,
			);
			buildRules = (
			);
			dependencies = (
				EF86304B27B4FA7C00E15BB3 /* PBXTargetDependency */,
			);
			name = EmergencyAnnouncementsUITests;
			productName = EmergencyAnnouncementsUITests;
			productReference = EF86304927B4FA7C00E15BB3 /* EmergencyAnnouncementsUITests.xctest */;
			productType = "com.apple.product-type.bundle.ui-testing";
		};
/* End PBXNativeTarget section */

/* Begin PBXProject section */
		EF86302727B4FA7A00E15BB3 /* Project object */ = {
			isa = PBXProject;
			attributes = {
				BuildIndependentTargetsInParallel = 1;
				LastSwiftUpdateCheck = 1310;
				LastUpgradeCheck = 1310;
				TargetAttributes = {
					EF86302E27B4FA7A00E15BB3 = {
						CreatedOnToolsVersion = 13.1;
					};
					EF86303E27B4FA7C00E15BB3 = {
						CreatedOnToolsVersion = 13.1;
						TestTargetID = EF86302E27B4FA7A00E15BB3;
					};
					EF86304827B4FA7C00E15BB3 = {
						CreatedOnToolsVersion = 13.1;
						TestTargetID = EF86302E27B4FA7A00E15BB3;
					};
				};
			};
			buildConfigurationList = EF86302A27B4FA7A00E15BB3 /* Build configuration list for PBXProject "EmergencyAnnouncements" */;
			compatibilityVersion = "Xcode 13.0";
			developmentRegion = en;
			hasScannedForEncodings = 0;
			knownRegions = (
				en,
				Base,
			);
			mainGroup = EF86302627B4FA7A00E15BB3;
			productRefGroup = EF86303027B4FA7A00E15BB3 /* Products */;
			projectDirPath = "";
			projectRoot = "";
			targets = (
				EF86302E27B4FA7A00E15BB3 /* EmergencyAnnouncements */,
				EF86303E27B4FA7C00E15BB3 /* EmergencyAnnouncementsTests */,
				EF86304827B4FA7C00E15BB3 /* EmergencyAnnouncementsUITests */,
			);
		};
/* End PBXProject section */

/* Begin PBXResourcesBuildPhase section */
		EF86302D27B4FA7A00E15BB3 /* Resources */ = {
			isa = PBXResourcesBuildPhase;
			buildActionMask = 2147483647;
			files = (
				EF86303A27B4FA7C00E15BB3 /* Preview Assets.xcassets in Resources */,
				EF86303727B4FA7C00E15BB3 /* Assets.xcassets in Resources */,
			);
			runOnlyForDeploymentPostprocessing = 0;
		};
		EF86303D27B4FA7C00E15BB3 /* Resources */ = {
			isa = PBXResourcesBuildPhase;
			buildActionMask = 2147483647;
			files = (
			);
			runOnlyForDeploymentPostprocessing = 0;
		};
		EF86304727B4FA7C00E15BB3 /* Resources */ = {
			isa = PBXResourcesBuildPhase;
			buildActionMask = 2147483647;
			files = (
			);
			runOnlyForDeploymentPostprocessing = 0;
		};
/* End PBXResourcesBuildPhase section */

/* Begin PBXSourcesBuildPhase section */
		EF86302B27B4FA7A00E15BB3 /* Sources */ = {
			isa = PBXSourcesBuildPhase;
			buildActionMask = 2147483647;
			files = (
				EF86303527B4FA7A00E15BB3 /* ContentView.swift in Sources */,
				EF86303327B4FA7A00E15BB3 /* EmergencyAnnouncementsApp.swift in Sources */,
			);
			runOnlyForDeploymentPostprocessing = 0;
		};
		EF86303B27B4FA7C00E15BB3 /* Sources */ = {
			isa = PBXSourcesBuildPhase;
			buildActionMask = 2147483647;
			files = (
				EF86304427B4FA7C00E15BB3 /* EmergencyAnnouncementsTests.swift in Sources */,
			);
			runOnlyForDeploymentPostprocessing = 0;
		};
		EF86304527B4FA7C00E15BB3 /* Sources */ = {
			isa = PBXSourcesBuildPhase;
			buildActionMask = 2147483647;
			files = (
				EF86304E27B4FA7C00E15BB3 /* EmergencyAnnouncementsUITests.swift in Sources */,
				EF86305027B4FA7C00E15BB3 /* EmergencyAnnouncementsUITestsLaunchTests.swift in Sources */,
			);
			runOnlyForDeploymentPostprocessing = 0;
		};
/* End PBXSourcesBuildPhase section */

/* Begin PBXTargetDependency section */
		EF86304127B4FA7C00E15BB3 /* PBXTargetDependency */ = {
			isa = PBXTargetDependency;
			target = EF86302E27B4FA7A00E15BB3 /* EmergencyAnnouncements */;
			targetProxy = EF86304027B4FA7C00E15BB3 /* PBXContainerItemProxy */;
		};
		EF86304B27B4FA7C00E15BB3 /* PBXTargetDependency */ = {
			isa = PBXTargetDependency;
			target = EF86302E27B4FA7A00E15BB3 /* EmergencyAnnouncements */;
			targetProxy = EF86304A27B4FA7C00E15BB3 /* PBXContainerItemProxy */;
		};
/* End PBXTargetDependency section */

/* Begin XCBuildConfiguration section */
		EF86305127B4FA7C00E15BB3 /* Debug */ = {
			isa = XCBuildConfiguration;
			buildSettings = {
				ALWAYS_SEARCH_USER_PATHS = NO;
				CLANG_ANALYZER_NONNULL = YES;
				CLANG_ANALYZER_NUMBER_OBJECT_CONVERSION = YES_AGGRESSIVE;
				CLANG_CXX_LANGUAGE_STANDARD = "gnu++17";
				CLANG_CXX_LIBRARY = "libc++";
				CLANG_ENABLE_MODULES = YES;
				CLANG_ENABLE_OBJC_ARC = YES;
				CLANG_ENABLE_OBJC_WEAK = YES;
				CLANG_WARN_BLOCK_CAPTURE_AUTORELEASING = YES;
				CLANG_WARN_BOOL_CONVERSION = YES;
				CLANG_WARN_COMMA = YES;
				CLANG_WARN_CONSTANT_CONVERSION = YES;
				CLANG_WARN_DEPRECATED_OBJC_IMPLEMENTATIONS = YES;
				CLANG_WARN_DIRECT_OBJC_ISA_USAGE = YES_ERROR;
				CLANG_WARN_DOCUMENTATION_COMMENTS = YES;
				CLANG_WARN_EMPTY_BODY = YES;
				CLANG_WARN_ENUM_CONVERSION = YES;
				CLANG_WARN_INFINITE_RECURSION = YES;
				CLANG_WARN_INT_CONVERSION = YES;
				CLANG_WARN_NON_LITERAL_NULL_CONVERSION = YES;
				CLANG_WARN_OBJC_IMPLICIT_RETAIN_SELF = YES;
				CLANG_WARN_OBJC_LITERAL_CONVERSION = YES;
				CLANG_WARN_OBJC_ROOT_CLASS = YES_ERROR;
				CLANG_WARN_QUOTED_INCLUDE_IN_FRAMEWORK_HEADER = YES;
				CLANG_WARN_RANGE_LOOP_ANALYSIS = YES;
				CLANG_WARN_STRICT_PROTOTYPES = YES;
				CLANG_WARN_SUSPICIOUS_MOVE = YES;
				CLANG_WARN_UNGUARDED_AVAILABILITY = YES_AGGRESSIVE;
				CLANG_WARN_UNREACHABLE_CODE = YES;
				CLANG_WARN__DUPLICATE_METHOD_MATCH = YES;
				COPY_PHASE_STRIP = NO;
				DEBUG_INFORMATION_FORMAT = dwarf;
				ENABLE_STRICT_OBJC_MSGSEND = YES;
				ENABLE_TESTABILITY = YES;
				GCC_C_LANGUAGE_STANDARD = gnu11;
				GCC_DYNAMIC_NO_PIC = NO;
				GCC_NO_COMMON_BLOCKS = YES;
				GCC_OPTIMIZATION_LEVEL = 0;
				GCC_PREPROCESSOR_DEFINITIONS = (
					"DEBUG=1",
					"$(inherited)",
				);
				GCC_WARN_64_TO_32_BIT_CONVERSION = YES;
				GCC_WARN_ABOUT_RETURN_TYPE = YES_ERROR;
				GCC_WARN_UNDECLARED_SELECTOR = YES;
				GCC_WARN_UNINITIALIZED_AUTOS = YES_AGGRESSIVE;
				GCC_WARN_UNUSED_FUNCTION = YES;
				GCC_WARN_UNUSED_VARIABLE = YES;
				IPHONEOS_DEPLOYMENT_TARGET = 15.0;
				MTL_ENABLE_DEBUG_INFO = INCLUDE_SOURCE;
				MTL_FAST_MATH = YES;
				ONLY_ACTIVE_ARCH = YES;
				SDKROOT = iphoneos;
				SWIFT_ACTIVE_COMPILATION_CONDITIONS = DEBUG;
				SWIFT_OPTIMIZATION_LEVEL = "-Onone";
			};
			name = Debug;
		};
		EF86305227B4FA7C00E15BB3 /* Release */ = {
			isa = XCBuildConfiguration;
			buildSettings = {
				ALWAYS_SEARCH_USER_PATHS = NO;
				CLANG_ANALYZER_NONNULL = YES;
				CLANG_ANALYZER_NUMBER_OBJECT_CONVERSION = YES_AGGRESSIVE;
				CLANG_CXX_LANGUAGE_STANDARD = "gnu++17";
				CLANG_CXX_LIBRARY = "libc++";
				CLANG_ENABLE_MODULES = YES;
				CLANG_ENABLE_OBJC_ARC = YES;
				CLANG_ENABLE_OBJC_WEAK = YES;
				CLANG_WARN_BLOCK_CAPTURE_AUTORELEASING = YES;
				CLANG_WARN_BOOL_CONVERSION = YES;
				CLANG_WARN_COMMA = YES;
				CLANG_WARN_CONSTANT_CONVERSION = YES;
				CLANG_WARN_DEPRECATED_OBJC_IMPLEMENTATIONS = YES;
				CLANG_WARN_DIRECT_OBJC_ISA_USAGE = YES_ERROR;
				CLANG_WARN_DOCUMENTATION_COMMENTS = YES;
				CLANG_WARN_EMPTY_BODY = YES;
				CLANG_WARN_ENUM_CONVERSION = YES;
				CLANG_WARN_INFINITE_RECURSION = YES;
				CLANG_WARN_INT_CONVERSION = YES;
				CLANG_WARN_NON_LITERAL_NULL_CONVERSION = YES;
				CLANG_WARN_OBJC_IMPLICIT_RETAIN_SELF = YES;
				CLANG_WARN_OBJC_LITERAL_CONVERSION = YES;
				CLANG_WARN_OBJC_ROOT_CLASS = YES_ERROR;
				CLANG_WARN_QUOTED_INCLUDE_IN_FRAMEWORK_HEADER = YES;
				CLANG_WARN_RANGE_LOOP_ANALYSIS = YES;
				CLANG_WARN_STRICT_PROTOTYPES = YES;
				CLANG_WARN_SUSPICIOUS_MOVE = YES;
				CLANG_WARN_UNGUARDED_AVAILABILITY = YES_AGGRESSIVE;
				CLANG_WARN_UNREACHABLE_CODE = YES;
				CLANG_WARN__DUPLICATE_METHOD_MATCH = YES;
				COPY_PHASE_STRIP = NO;
				DEBUG_INFORMATION_FORMAT = "dwarf-with-dsym";
				ENABLE_NS_ASSERTIONS = NO;
				ENABLE_STRICT_OBJC_MSGSEND = YES;
				GCC_C_LANGUAGE_STANDARD = gnu11;
				GCC_NO_COMMON_BLOCKS = YES;
				GCC_WARN_64_TO_32_BIT_CONVERSION = YES;
				GCC_WARN_ABOUT_RETURN_TYPE = YES_ERROR;
				GCC_WARN_UNDECLARED_SELECTOR = YES;
				GCC_WARN_UNINITIALIZED_AUTOS = YES_AGGRESSIVE;
				GCC_WARN_UNUSED_FUNCTION = YES;
				GCC_WARN_UNUSED_VARIABLE = YES;
				IPHONEOS_DEPLOYMENT_TARGET = 15.0;
				MTL_ENABLE_DEBUG_INFO = NO;
				MTL_FAST_MATH = YES;
				SDKROOT = iphoneos;
				SWIFT_COMPILATION_MODE = wholemodule;
				SWIFT_OPTIMIZATION_LEVEL = "-O";
				VALIDATE_PRODUCT = YES;
			};
			name = Release;
		};
		EF86305427B4FA7C00E15BB3 /* Debug */ = {
			isa = XCBuildConfiguration;
			buildSettings = {
				ASSETCATALOG_COMPILER_APPICON_NAME = AppIcon;
				ASSETCATALOG_COMPILER_GLOBAL_ACCENT_COLOR_NAME = AccentColor;
				CODE_SIGN_STYLE = Automatic;
				CURRENT_PROJECT_VERSION = 1;
				DEVELOPMENT_ASSET_PATHS = "\"EmergencyAnnouncements/Preview Content\"";
				DEVELOPMENT_TEAM = 963LK66N4P;
				ENABLE_PREVIEWS = YES;
				GENERATE_INFOPLIST_FILE = YES;
				INFOPLIST_KEY_UIApplicationSceneManifest_Generation = YES;
				INFOPLIST_KEY_UIApplicationSupportsIndirectInputEvents = YES;
				INFOPLIST_KEY_UILaunchScreen_Generation = YES;
				INFOPLIST_KEY_UISupportedInterfaceOrientations_iPad = "UIInterfaceOrientationPortrait UIInterfaceOrientationPortraitUpsideDown UIInterfaceOrientationLandscapeLeft UIInterfaceOrientationLandscapeRight";
				INFOPLIST_KEY_UISupportedInterfaceOrientations_iPhone = "UIInterfaceOrientationPortrait UIInterfaceOrientationLandscapeLeft UIInterfaceOrientationLandscapeRight";
				LD_RUNPATH_SEARCH_PATHS = (
					"$(inherited)",
					"@executable_path/Frameworks",
				);
				MARKETING_VERSION = 1.0;
				PRODUCT_BUNDLE_IDENTIFIER = nl.Buijsen.EmergencyAnnouncements;
				PRODUCT_NAME = "$(TARGET_NAME)";
				SWIFT_EMIT_LOC_STRINGS = YES;
				SWIFT_VERSION = 5.0;
				TARGETED_DEVICE_FAMILY = "1,2";
			};
			name = Debug;
		};
		EF86305527B4FA7C00E15BB3 /* Release */ = {
			isa = XCBuildConfiguration;
			buildSettings = {
				ASSETCATALOG_COMPILER_APPICON_NAME = AppIcon;
				ASSETCATALOG_COMPILER_GLOBAL_ACCENT_COLOR_NAME = AccentColor;
				CODE_SIGN_STYLE = Automatic;
				CURRENT_PROJECT_VERSION = 1;
				DEVELOPMENT_ASSET_PATHS = "\"EmergencyAnnouncements/Preview Content\"";
				DEVELOPMENT_TEAM = 963LK66N4P;
				ENABLE_PREVIEWS = YES;
				GENERATE_INFOPLIST_FILE = YES;
				INFOPLIST_KEY_UIApplicationSceneManifest_Generation = YES;
				INFOPLIST_KEY_UIApplicationSupportsIndirectInputEvents = YES;
				INFOPLIST_KEY_UILaunchScreen_Generation = YES;
				INFOPLIST_KEY_UISupportedInterfaceOrientations_iPad = "UIInterfaceOrientationPortrait UIInterfaceOrientationPortraitUpsideDown UIInterfaceOrientationLandscapeLeft UIInterfaceOrientationLandscapeRight";
				INFOPLIST_KEY_UISupportedInterfaceOrientations_iPhone = "UIInterfaceOrientationPortrait UIInterfaceOrientationLandscapeLeft UIInterfaceOrientationLandscapeRight";
				LD_RUNPATH_SEARCH_PATHS = (
					"$(inherited)",
					"@executable_path/Frameworks",
				);
				MARKETING_VERSION = 1.0;
				PRODUCT_BUNDLE_IDENTIFIER = nl.Buijsen.EmergencyAnnouncements;
				PRODUCT_NAME = "$(TARGET_NAME)";
				SWIFT_EMIT_LOC_STRINGS = YES;
				SWIFT_VERSION = 5.0;
				TARGETED_DEVICE_FAMILY = "1,2";
			};
			name = Release;
		};
		EF86305727B4FA7C00E15BB3 /* Debug */ = {
			isa = XCBuildConfiguration;
			buildSettings = {
				ALWAYS_EMBED_SWIFT_STANDARD_LIBRARIES = YES;
				BUNDLE_LOADER = "$(TEST_HOST)";
				CODE_SIGN_STYLE = Automatic;
				CURRENT_PROJECT_VERSION = 1;
				DEVELOPMENT_TEAM = 963LK66N4P;
				GENERATE_INFOPLIST_FILE = YES;
				IPHONEOS_DEPLOYMENT_TARGET = 15.0;
				LD_RUNPATH_SEARCH_PATHS = (
					"$(inherited)",
					"@executable_path/Frameworks",
					"@loader_path/Frameworks",
				);
				MARKETING_VERSION = 1.0;
				PRODUCT_BUNDLE_IDENTIFIER = nl.Buijsen.EmergencyAnnouncementsTests;
				PRODUCT_NAME = "$(TARGET_NAME)";
				SWIFT_EMIT_LOC_STRINGS = NO;
				SWIFT_VERSION = 5.0;
				TARGETED_DEVICE_FAMILY = "1,2";
				TEST_HOST = "$(BUILT_PRODUCTS_DIR)/EmergencyAnnouncements.app/EmergencyAnnouncements";
			};
			name = Debug;
		};
		EF86305827B4FA7C00E15BB3 /* Release */ = {
			isa = XCBuildConfiguration;
			buildSettings = {
				ALWAYS_EMBED_SWIFT_STANDARD_LIBRARIES = YES;
				BUNDLE_LOADER = "$(TEST_HOST)";
				CODE_SIGN_STYLE = Automatic;
				CURRENT_PROJECT_VERSION = 1;
				DEVELOPMENT_TEAM = 963LK66N4P;
				GENERATE_INFOPLIST_FILE = YES;
				IPHONEOS_DEPLOYMENT_TARGET = 15.0;
				LD_RUNPATH_SEARCH_PATHS = (
					"$(inherited)",
					"@executable_path/Frameworks",
					"@loader_path/Frameworks",
				);
				MARKETING_VERSION = 1.0;
				PRODUCT_BUNDLE_IDENTIFIER = nl.Buijsen.EmergencyAnnouncementsTests;
				PRODUCT_NAME = "$(TARGET_NAME)";
				SWIFT_EMIT_LOC_STRINGS = NO;
				SWIFT_VERSION = 5.0;
				TARGETED_DEVICE_FAMILY = "1,2";
				TEST_HOST = "$(BUILT_PRODUCTS_DIR)/EmergencyAnnouncements.app/EmergencyAnnouncements";
			};
			name = Release;
		};
		EF86305A27B4FA7C00E15BB3 /* Debug */ = {
			isa = XCBuildConfiguration;
			buildSettings = {
				ALWAYS_EMBED_SWIFT_STANDARD_LIBRARIES = YES;
				CODE_SIGN_STYLE = Automatic;
				CURRENT_PROJECT_VERSION = 1;
				DEVELOPMENT_TEAM = 963LK66N4P;
				GENERATE_INFOPLIST_FILE = YES;
				LD_RUNPATH_SEARCH_PATHS = (
					"$(inherited)",
					"@executable_path/Frameworks",
					"@loader_path/Frameworks",
				);
				MARKETING_VERSION = 1.0;
				PRODUCT_BUNDLE_IDENTIFIER = nl.Buijsen.EmergencyAnnouncementsUITests;
				PRODUCT_NAME = "$(TARGET_NAME)";
				SWIFT_EMIT_LOC_STRINGS = NO;
				SWIFT_VERSION = 5.0;
				TARGETED_DEVICE_FAMILY = "1,2";
				TEST_TARGET_NAME = EmergencyAnnouncements;
			};
			name = Debug;
		};
		EF86305B27B4FA7C00E15BB3 /* Release */ = {
			isa = XCBuildConfiguration;
			buildSettings = {
				ALWAYS_EMBED_SWIFT_STANDARD_LIBRARIES = YES;
				CODE_SIGN_STYLE = Automatic;
				CURRENT_PROJECT_VERSION = 1;
				DEVELOPMENT_TEAM = 963LK66N4P;
				GENERATE_INFOPLIST_FILE = YES;
				LD_RUNPATH_SEARCH_PATHS = (
					"$(inherited)",
					"@executable_path/Frameworks",
					"@loader_path/Frameworks",
				);
				MARKETING_VERSION = 1.0;
				PRODUCT_BUNDLE_IDENTIFIER = nl.Buijsen.EmergencyAnnouncementsUITests;
				PRODUCT_NAME = "$(TARGET_NAME)";
				SWIFT_EMIT_LOC_STRINGS = NO;
				SWIFT_VERSION = 5.0;
				TARGETED_DEVICE_FAMILY = "1,2";
				TEST_TARGET_NAME = EmergencyAnnouncements;
			};
			name = Release;
		};
/* End XCBuildConfiguration section */

/* Begin XCConfigurationList section */
		EF86302A27B4FA7A00E15BB3 /* Build configuration list for PBXProject "EmergencyAnnouncements" */ = {
			isa = XCConfigurationList;
			buildConfigurations = (
				EF86305127B4FA7C00E15BB3 /* Debug */,
				EF86305227B4FA7C00E15BB3 /* Release */,
			);
			defaultConfigurationIsVisible = 0;
			defaultConfigurationName = Release;
		};
		EF86305327B4FA7C00E15BB3 /* Build configuration list for PBXNativeTarget "EmergencyAnnouncements" */ = {
			isa = XCConfigurationList;
			buildConfigurations = (
				EF86305427B4FA7C00E15BB3 /* Debug */,
				EF86305527B4FA7C00E15BB3 /* Release */,
			);
			defaultConfigurationIsVisible = 0;
			defaultConfigurationName = Release;
		};
		EF86305627B4FA7C00E15BB3 /* Build configuration list for PBXNativeTarget "EmergencyAnnouncementsTests" */ = {
			isa = XCConfigurationList;
			buildConfigurations = (
				EF86305727B4FA7C00E15BB3 /* Debug */,
				EF86305827B4FA7C00E15BB3 /* Release */,
			);
			defaultConfigurationIsVisible = 0;
			defaultConfigurationName = Release;
		};
		EF86305927B4FA7C00E15BB3 /* Build configuration list for PBXNativeTarget "EmergencyAnnouncementsUITests" */ = {
			isa = XCConfigurationList;
			buildConfigurations = (
				EF86305A27B4FA7C00E15BB3 /* Debug */,
				EF86305B27B4FA7C00E15BB3 /* Release */,
			);
			defaultConfigurationIsVisible = 0;
			defaultConfigurationName = Release;
		};
/* End XCConfigurationList section */
	};
	rootObject = EF86302727B4FA7A00E15BB3 /* Project object */;
}
