// !$*UTF8*$!
{
	archiveVersion = 1;
	classes = {
	};
	objectVersion = 55;
	objects = {

/* Begin PBXBuildFile section */
		EF518D2027A29C180082CC0A /* ShareMyCariOSApp.swift in Sources */ = {isa = PBXBuildFile; fileRef = EF518D1F27A29C180082CC0A /* ShareMyCariOSApp.swift */; };
		EF518D2227A29C180082CC0A /* ContentView.swift in Sources */ = {isa = PBXBuildFile; fileRef = EF518D2127A29C180082CC0A /* ContentView.swift */; };
		EF518D2427A29C1C0082CC0A /* Assets.xcassets in Resources */ = {isa = PBXBuildFile; fileRef = EF518D2327A29C1C0082CC0A /* Assets.xcassets */; };
		EF518D2727A29C1C0082CC0A /* Preview Assets.xcassets in Resources */ = {isa = PBXBuildFile; fileRef = EF518D2627A29C1C0082CC0A /* Preview Assets.xcassets */; };
		EF518D3127A29C1D0082CC0A /* ShareMyCariOSTests.swift in Sources */ = {isa = PBXBuildFile; fileRef = EF518D3027A29C1D0082CC0A /* ShareMyCariOSTests.swift */; };
		EF518D3B27A29C1D0082CC0A /* ShareMyCariOSUITests.swift in Sources */ = {isa = PBXBuildFile; fileRef = EF518D3A27A29C1D0082CC0A /* ShareMyCariOSUITests.swift */; };
		EF518D3D27A29C1D0082CC0A /* ShareMyCariOSUITestsLaunchTests.swift in Sources */ = {isa = PBXBuildFile; fileRef = EF518D3C27A29C1D0082CC0A /* ShareMyCariOSUITestsLaunchTests.swift */; };
		EF518D4E27A29D890082CC0A /* MenuItem.swift in Sources */ = {isa = PBXBuildFile; fileRef = EF518D4D27A29D890082CC0A /* MenuItem.swift */; };
		EF518D5027A29DF90082CC0A /* .gitignore in Resources */ = {isa = PBXBuildFile; fileRef = EF518D4F27A29DF90082CC0A /* .gitignore */; };
		EF518D5227A29F780082CC0A /* LoginView.swift in Sources */ = {isa = PBXBuildFile; fileRef = EF518D5127A29F780082CC0A /* LoginView.swift */; };
		EF518D5627A29F8D0082CC0A /* HomeView.swift in Sources */ = {isa = PBXBuildFile; fileRef = EF518D5527A29F8D0082CC0A /* HomeView.swift */; };
		EF518D5827A29F9D0082CC0A /* RidesView.swift in Sources */ = {isa = PBXBuildFile; fileRef = EF518D5727A29F9D0082CC0A /* RidesView.swift */; };
		EF518D5A27A29FA70082CC0A /* SettingsView.swift in Sources */ = {isa = PBXBuildFile; fileRef = EF518D5927A29FA70082CC0A /* SettingsView.swift */; };
		EF518D6027A2A0440082CC0A /* RegisterView.swift in Sources */ = {isa = PBXBuildFile; fileRef = EF518D5F27A2A0440082CC0A /* RegisterView.swift */; };
		EF518D6527A2A0EA0082CC0A /* GeneralPageLayout.swift in Sources */ = {isa = PBXBuildFile; fileRef = EF518D6427A2A0EA0082CC0A /* GeneralPageLayout.swift */; };
		EF518D6827A2A6200082CC0A /* TextPresets.swift in Sources */ = {isa = PBXBuildFile; fileRef = EF518D6727A2A6200082CC0A /* TextPresets.swift */; };
		EF518D6B27A2A7CF0082CC0A /* Ride.swift in Sources */ = {isa = PBXBuildFile; fileRef = EF518D6A27A2A7CF0082CC0A /* Ride.swift */; };
		EF518D6D27A2A8970082CC0A /* Location.swift in Sources */ = {isa = PBXBuildFile; fileRef = EF518D6C27A2A8970082CC0A /* Location.swift */; };
		EF518D6F27A2A8E30082CC0A /* User.swift in Sources */ = {isa = PBXBuildFile; fileRef = EF518D6E27A2A8E30082CC0A /* User.swift */; };
		EF518D7127A2A91F0082CC0A /* Car.swift in Sources */ = {isa = PBXBuildFile; fileRef = EF518D7027A2A91F0082CC0A /* Car.swift */; };
		EF518D7327A2AE3A0082CC0A /* CarView.swift in Sources */ = {isa = PBXBuildFile; fileRef = EF518D7227A2AE3A0082CC0A /* CarView.swift */; };
		EF518D7527A2CE230082CC0A /* UserService.swift in Sources */ = {isa = PBXBuildFile; fileRef = EF518D7427A2CE230082CC0A /* UserService.swift */; };
		EF518D7927A2CEA20082CC0A /* UserWrapper.swift in Sources */ = {isa = PBXBuildFile; fileRef = EF518D7827A2CEA20082CC0A /* UserWrapper.swift */; };
		EF518D7B27A2D13C0082CC0A /* AddCarView.swift in Sources */ = {isa = PBXBuildFile; fileRef = EF518D7A27A2D13C0082CC0A /* AddCarView.swift */; };
		EF518D7D27A2D42B0082CC0A /* CarService.swift in Sources */ = {isa = PBXBuildFile; fileRef = EF518D7C27A2D42B0082CC0A /* CarService.swift */; };
		EF518D7F27A2D4D70082CC0A /* CarWrapper.swift in Sources */ = {isa = PBXBuildFile; fileRef = EF518D7E27A2D4D70082CC0A /* CarWrapper.swift */; };
		EF518D8127A2D6C90082CC0A /* CarDetailView.swift in Sources */ = {isa = PBXBuildFile; fileRef = EF518D8027A2D6C90082CC0A /* CarDetailView.swift */; };
		EF518D8527A2FD0C0082CC0A /* UpdateCarView.swift in Sources */ = {isa = PBXBuildFile; fileRef = EF518D8427A2FD0C0082CC0A /* UpdateCarView.swift */; };
		EF518D8727A30FC30082CC0A /* GenericApiCalls.swift in Sources */ = {isa = PBXBuildFile; fileRef = EF518D8627A30FC30082CC0A /* GenericApiCalls.swift */; };
		EF518D8927A311E90082CC0A /* RidesWrapper.swift in Sources */ = {isa = PBXBuildFile; fileRef = EF518D8827A311E90082CC0A /* RidesWrapper.swift */; };
		EF518D8B27A316650082CC0A /* RideView.swift in Sources */ = {isa = PBXBuildFile; fileRef = EF518D8A27A316650082CC0A /* RideView.swift */; };
		EF518D8D27A319230082CC0A /* RideDetailView.swift in Sources */ = {isa = PBXBuildFile; fileRef = EF518D8C27A319230082CC0A /* RideDetailView.swift */; };
		EF518D8F27A322FF0082CC0A /* RideService.swift in Sources */ = {isa = PBXBuildFile; fileRef = EF518D8E27A322FF0082CC0A /* RideService.swift */; };
		EF518D9127A323430082CC0A /* RideWrapper.swift in Sources */ = {isa = PBXBuildFile; fileRef = EF518D9027A323430082CC0A /* RideWrapper.swift */; };
		EF518D9327A3EE940082CC0A /* CreateRideView.swift in Sources */ = {isa = PBXBuildFile; fileRef = EF518D9227A3EE940082CC0A /* CreateRideView.swift */; };
		EF518D9527A3F1C30082CC0A /* DateExtensions.swift in Sources */ = {isa = PBXBuildFile; fileRef = EF518D9427A3F1C30082CC0A /* DateExtensions.swift */; };
		EF518D9727A3F3620082CC0A /* LocationService.swift in Sources */ = {isa = PBXBuildFile; fileRef = EF518D9627A3F3620082CC0A /* LocationService.swift */; };
		EF518D9927A3F39B0082CC0A /* LocationWrapper.swift in Sources */ = {isa = PBXBuildFile; fileRef = EF518D9827A3F39B0082CC0A /* LocationWrapper.swift */; };
		EF518D9C27A3F6F30082CC0A /* CreateLocationView.swift in Sources */ = {isa = PBXBuildFile; fileRef = EF518D9B27A3F6F30082CC0A /* CreateLocationView.swift */; };
		EF518D9E27A401010082CC0A /* UpdateRideView.swift in Sources */ = {isa = PBXBuildFile; fileRef = EF518D9D27A401010082CC0A /* UpdateRideView.swift */; };
		EF518DA027A412FB0082CC0A /* AuthenticationService.swift in Sources */ = {isa = PBXBuildFile; fileRef = EF518D9F27A412FB0082CC0A /* AuthenticationService.swift */; };
		EF518DA227A4140A0082CC0A /* AuthenticationsWrappers.swift in Sources */ = {isa = PBXBuildFile; fileRef = EF518DA127A4140A0082CC0A /* AuthenticationsWrappers.swift */; };
		EF518DA527A415020082CC0A /* KeyChainService.swift in Sources */ = {isa = PBXBuildFile; fileRef = EF518DA427A415020082CC0A /* KeyChainService.swift */; };
		EF518DA727A4167E0082CC0A /* DataExtensions.swift in Sources */ = {isa = PBXBuildFile; fileRef = EF518DA627A4167E0082CC0A /* DataExtensions.swift */; };
		EF518DAA27A416AD0082CC0A /* IntExtensions.swift in Sources */ = {isa = PBXBuildFile; fileRef = EF518DA927A416AD0082CC0A /* IntExtensions.swift */; };
		EF518DAC27A41E4B0082CC0A /* LoadingView.swift in Sources */ = {isa = PBXBuildFile; fileRef = EF518DAB27A41E4B0082CC0A /* LoadingView.swift */; };
		EF518DAE27A437840082CC0A /* GoogleService-Info.plist in Resources */ = {isa = PBXBuildFile; fileRef = EF518DAD27A437840082CC0A /* GoogleService-Info.plist */; };
		EF518DB127A438000082CC0A /* FirebaseAnalytics in Frameworks */ = {isa = PBXBuildFile; productRef = EF518DB027A438000082CC0A /* FirebaseAnalytics */; };
		EF518DB327A438000082CC0A /* FirebaseMessaging in Frameworks */ = {isa = PBXBuildFile; productRef = EF518DB227A438000082CC0A /* FirebaseMessaging */; };
		EF518DB527A438160082CC0A /* AppDelegate.swift in Sources */ = {isa = PBXBuildFile; fileRef = EF518DB427A438160082CC0A /* AppDelegate.swift */; };
		EF710A1827B18CE500BA2D17 /* dark@1x.png in Resources */ = {isa = PBXBuildFile; fileRef = EF710A1527B18CE500BA2D17 /* dark@1x.png */; };
		EF710A1927B18CE500BA2D17 /* dark@3x.png in Resources */ = {isa = PBXBuildFile; fileRef = EF710A1627B18CE500BA2D17 /* dark@3x.png */; };
		EF710A1A27B18CE500BA2D17 /* dark@2x.png in Resources */ = {isa = PBXBuildFile; fileRef = EF710A1727B18CE500BA2D17 /* dark@2x.png */; };
		EF710A1D27B190DE00BA2D17 /* CodeScanner in Frameworks */ = {isa = PBXBuildFile; productRef = EF710A1C27B190DE00BA2D17 /* CodeScanner */; };
		EF710A1F27B1A6C800BA2D17 /* ShareCarView.swift in Sources */ = {isa = PBXBuildFile; fileRef = EF710A1E27B1A6C800BA2D17 /* ShareCarView.swift */; };
		EFAEFF0427A8430100A696AD /* KVKCalendar in Frameworks */ = {isa = PBXBuildFile; productRef = EFAEFF0327A8430100A696AD /* KVKCalendar */; };
		EFAEFF0627A8431A00A696AD /* CalendarView.swift in Sources */ = {isa = PBXBuildFile; fileRef = EFAEFF0527A8431A00A696AD /* CalendarView.swift */; };
		EFB0EC3B27AD23D0000F909C /* Icon.swift in Sources */ = {isa = PBXBuildFile; fileRef = EFB0EC3A27AD23D0000F909C /* Icon.swift */; };
		EFB0EC7927AD4036000F909C /* Loader.swift in Sources */ = {isa = PBXBuildFile; fileRef = EFB0EC7827AD4036000F909C /* Loader.swift */; };
		EFC6109827AC2DB200B4F0E6 /* UpdateUserView.swift in Sources */ = {isa = PBXBuildFile; fileRef = EFC6109727AC2DB200B4F0E6 /* UpdateUserView.swift */; };
		EFEE516127A859A800F82F52 /* ViewExtension.swift in Sources */ = {isa = PBXBuildFile; fileRef = EFEE516027A859A800F82F52 /* ViewExtension.swift */; };
		EFEE516527A86CB300F82F52 /* ImagePicker.swift in Sources */ = {isa = PBXBuildFile; fileRef = EFEE516427A86CB300F82F52 /* ImagePicker.swift */; };
		EFEE516727A9224300F82F52 /* UIImageExtension.swift in Sources */ = {isa = PBXBuildFile; fileRef = EFEE516627A9224300F82F52 /* UIImageExtension.swift */; };
		EFF62EA627A449A50082E8A7 /* LocationsView.swift in Sources */ = {isa = PBXBuildFile; fileRef = EFF62EA527A449A50082E8A7 /* LocationsView.swift */; };
		EFF62EA927A44E000082E8A7 /* LocationDetailView.swift in Sources */ = {isa = PBXBuildFile; fileRef = EFF62EA827A44E000082E8A7 /* LocationDetailView.swift */; };
		EFF62EAB27A450050082E8A7 /* LocationView.swift in Sources */ = {isa = PBXBuildFile; fileRef = EFF62EAA27A450050082E8A7 /* LocationView.swift */; };
/* End PBXBuildFile section */

/* Begin PBXContainerItemProxy section */
		EF518D2D27A29C1D0082CC0A /* PBXContainerItemProxy */ = {
			isa = PBXContainerItemProxy;
			containerPortal = EF518D1427A29C180082CC0A /* Project object */;
			proxyType = 1;
			remoteGlobalIDString = EF518D1B27A29C180082CC0A;
			remoteInfo = ShareMyCariOS;
		};
		EF518D3727A29C1D0082CC0A /* PBXContainerItemProxy */ = {
			isa = PBXContainerItemProxy;
			containerPortal = EF518D1427A29C180082CC0A /* Project object */;
			proxyType = 1;
			remoteGlobalIDString = EF518D1B27A29C180082CC0A;
			remoteInfo = ShareMyCariOS;
		};
/* End PBXContainerItemProxy section */

/* Begin PBXFileReference section */
		EF518D1C27A29C180082CC0A /* ShareMyCariOS.app */ = {isa = PBXFileReference; explicitFileType = wrapper.application; includeInIndex = 0; path = ShareMyCariOS.app; sourceTree = BUILT_PRODUCTS_DIR; };
		EF518D1F27A29C180082CC0A /* ShareMyCariOSApp.swift */ = {isa = PBXFileReference; lastKnownFileType = sourcecode.swift; path = ShareMyCariOSApp.swift; sourceTree = "<group>"; };
		EF518D2127A29C180082CC0A /* ContentView.swift */ = {isa = PBXFileReference; lastKnownFileType = sourcecode.swift; path = ContentView.swift; sourceTree = "<group>"; };
		EF518D2327A29C1C0082CC0A /* Assets.xcassets */ = {isa = PBXFileReference; lastKnownFileType = folder.assetcatalog; path = Assets.xcassets; sourceTree = "<group>"; };
		EF518D2627A29C1C0082CC0A /* Preview Assets.xcassets */ = {isa = PBXFileReference; lastKnownFileType = folder.assetcatalog; path = "Preview Assets.xcassets"; sourceTree = "<group>"; };
		EF518D2C27A29C1D0082CC0A /* ShareMyCariOSTests.xctest */ = {isa = PBXFileReference; explicitFileType = wrapper.cfbundle; includeInIndex = 0; path = ShareMyCariOSTests.xctest; sourceTree = BUILT_PRODUCTS_DIR; };
		EF518D3027A29C1D0082CC0A /* ShareMyCariOSTests.swift */ = {isa = PBXFileReference; lastKnownFileType = sourcecode.swift; path = ShareMyCariOSTests.swift; sourceTree = "<group>"; };
		EF518D3627A29C1D0082CC0A /* ShareMyCariOSUITests.xctest */ = {isa = PBXFileReference; explicitFileType = wrapper.cfbundle; includeInIndex = 0; path = ShareMyCariOSUITests.xctest; sourceTree = BUILT_PRODUCTS_DIR; };
		EF518D3A27A29C1D0082CC0A /* ShareMyCariOSUITests.swift */ = {isa = PBXFileReference; lastKnownFileType = sourcecode.swift; path = ShareMyCariOSUITests.swift; sourceTree = "<group>"; };
		EF518D3C27A29C1D0082CC0A /* ShareMyCariOSUITestsLaunchTests.swift */ = {isa = PBXFileReference; lastKnownFileType = sourcecode.swift; path = ShareMyCariOSUITestsLaunchTests.swift; sourceTree = "<group>"; };
		EF518D4D27A29D890082CC0A /* MenuItem.swift */ = {isa = PBXFileReference; lastKnownFileType = sourcecode.swift; path = MenuItem.swift; sourceTree = "<group>"; };
		EF518D4F27A29DF90082CC0A /* .gitignore */ = {isa = PBXFileReference; lastKnownFileType = text; path = .gitignore; sourceTree = "<group>"; };
		EF518D5127A29F780082CC0A /* LoginView.swift */ = {isa = PBXFileReference; lastKnownFileType = sourcecode.swift; path = LoginView.swift; sourceTree = "<group>"; };
		EF518D5527A29F8D0082CC0A /* HomeView.swift */ = {isa = PBXFileReference; lastKnownFileType = sourcecode.swift; path = HomeView.swift; sourceTree = "<group>"; };
		EF518D5727A29F9D0082CC0A /* RidesView.swift */ = {isa = PBXFileReference; lastKnownFileType = sourcecode.swift; path = RidesView.swift; sourceTree = "<group>"; };
		EF518D5927A29FA70082CC0A /* SettingsView.swift */ = {isa = PBXFileReference; lastKnownFileType = sourcecode.swift; path = SettingsView.swift; sourceTree = "<group>"; };
		EF518D5F27A2A0440082CC0A /* RegisterView.swift */ = {isa = PBXFileReference; lastKnownFileType = sourcecode.swift; path = RegisterView.swift; sourceTree = "<group>"; };
		EF518D6427A2A0EA0082CC0A /* GeneralPageLayout.swift */ = {isa = PBXFileReference; lastKnownFileType = sourcecode.swift; path = GeneralPageLayout.swift; sourceTree = "<group>"; };
		EF518D6727A2A6200082CC0A /* TextPresets.swift */ = {isa = PBXFileReference; lastKnownFileType = sourcecode.swift; path = TextPresets.swift; sourceTree = "<group>"; };
		EF518D6A27A2A7CF0082CC0A /* Ride.swift */ = {isa = PBXFileReference; lastKnownFileType = sourcecode.swift; path = Ride.swift; sourceTree = "<group>"; };
		EF518D6C27A2A8970082CC0A /* Location.swift */ = {isa = PBXFileReference; lastKnownFileType = sourcecode.swift; path = Location.swift; sourceTree = "<group>"; };
		EF518D6E27A2A8E30082CC0A /* User.swift */ = {isa = PBXFileReference; lastKnownFileType = sourcecode.swift; path = User.swift; sourceTree = "<group>"; };
		EF518D7027A2A91F0082CC0A /* Car.swift */ = {isa = PBXFileReference; lastKnownFileType = sourcecode.swift; path = Car.swift; sourceTree = "<group>"; };
		EF518D7227A2AE3A0082CC0A /* CarView.swift */ = {isa = PBXFileReference; lastKnownFileType = sourcecode.swift; path = CarView.swift; sourceTree = "<group>"; };
		EF518D7427A2CE230082CC0A /* UserService.swift */ = {isa = PBXFileReference; lastKnownFileType = sourcecode.swift; path = UserService.swift; sourceTree = "<group>"; };
		EF518D7827A2CEA20082CC0A /* UserWrapper.swift */ = {isa = PBXFileReference; lastKnownFileType = sourcecode.swift; path = UserWrapper.swift; sourceTree = "<group>"; };
		EF518D7A27A2D13C0082CC0A /* AddCarView.swift */ = {isa = PBXFileReference; lastKnownFileType = sourcecode.swift; path = AddCarView.swift; sourceTree = "<group>"; };
		EF518D7C27A2D42B0082CC0A /* CarService.swift */ = {isa = PBXFileReference; lastKnownFileType = sourcecode.swift; path = CarService.swift; sourceTree = "<group>"; };
		EF518D7E27A2D4D70082CC0A /* CarWrapper.swift */ = {isa = PBXFileReference; lastKnownFileType = sourcecode.swift; path = CarWrapper.swift; sourceTree = "<group>"; };
		EF518D8027A2D6C90082CC0A /* CarDetailView.swift */ = {isa = PBXFileReference; lastKnownFileType = sourcecode.swift; path = CarDetailView.swift; sourceTree = "<group>"; };
		EF518D8427A2FD0C0082CC0A /* UpdateCarView.swift */ = {isa = PBXFileReference; lastKnownFileType = sourcecode.swift; path = UpdateCarView.swift; sourceTree = "<group>"; };
		EF518D8627A30FC30082CC0A /* GenericApiCalls.swift */ = {isa = PBXFileReference; lastKnownFileType = sourcecode.swift; path = GenericApiCalls.swift; sourceTree = "<group>"; };
		EF518D8827A311E90082CC0A /* RidesWrapper.swift */ = {isa = PBXFileReference; lastKnownFileType = sourcecode.swift; path = RidesWrapper.swift; sourceTree = "<group>"; };
		EF518D8A27A316650082CC0A /* RideView.swift */ = {isa = PBXFileReference; lastKnownFileType = sourcecode.swift; path = RideView.swift; sourceTree = "<group>"; };
		EF518D8C27A319230082CC0A /* RideDetailView.swift */ = {isa = PBXFileReference; lastKnownFileType = sourcecode.swift; path = RideDetailView.swift; sourceTree = "<group>"; };
		EF518D8E27A322FF0082CC0A /* RideService.swift */ = {isa = PBXFileReference; lastKnownFileType = sourcecode.swift; path = RideService.swift; sourceTree = "<group>"; };
		EF518D9027A323430082CC0A /* RideWrapper.swift */ = {isa = PBXFileReference; lastKnownFileType = sourcecode.swift; path = RideWrapper.swift; sourceTree = "<group>"; };
		EF518D9227A3EE940082CC0A /* CreateRideView.swift */ = {isa = PBXFileReference; lastKnownFileType = sourcecode.swift; path = CreateRideView.swift; sourceTree = "<group>"; };
		EF518D9427A3F1C30082CC0A /* DateExtensions.swift */ = {isa = PBXFileReference; lastKnownFileType = sourcecode.swift; path = DateExtensions.swift; sourceTree = "<group>"; };
		EF518D9627A3F3620082CC0A /* LocationService.swift */ = {isa = PBXFileReference; lastKnownFileType = sourcecode.swift; path = LocationService.swift; sourceTree = "<group>"; };
		EF518D9827A3F39B0082CC0A /* LocationWrapper.swift */ = {isa = PBXFileReference; lastKnownFileType = sourcecode.swift; path = LocationWrapper.swift; sourceTree = "<group>"; };
		EF518D9B27A3F6F30082CC0A /* CreateLocationView.swift */ = {isa = PBXFileReference; lastKnownFileType = sourcecode.swift; path = CreateLocationView.swift; sourceTree = "<group>"; };
		EF518D9D27A401010082CC0A /* UpdateRideView.swift */ = {isa = PBXFileReference; lastKnownFileType = sourcecode.swift; path = UpdateRideView.swift; sourceTree = "<group>"; };
		EF518D9F27A412FB0082CC0A /* AuthenticationService.swift */ = {isa = PBXFileReference; lastKnownFileType = sourcecode.swift; path = AuthenticationService.swift; sourceTree = "<group>"; };
		EF518DA127A4140A0082CC0A /* AuthenticationsWrappers.swift */ = {isa = PBXFileReference; lastKnownFileType = sourcecode.swift; path = AuthenticationsWrappers.swift; sourceTree = "<group>"; };
		EF518DA427A415020082CC0A /* KeyChainService.swift */ = {isa = PBXFileReference; lastKnownFileType = sourcecode.swift; path = KeyChainService.swift; sourceTree = "<group>"; };
		EF518DA627A4167E0082CC0A /* DataExtensions.swift */ = {isa = PBXFileReference; lastKnownFileType = sourcecode.swift; path = DataExtensions.swift; sourceTree = "<group>"; };
		EF518DA927A416AD0082CC0A /* IntExtensions.swift */ = {isa = PBXFileReference; lastKnownFileType = sourcecode.swift; path = IntExtensions.swift; sourceTree = "<group>"; };
		EF518DAB27A41E4B0082CC0A /* LoadingView.swift */ = {isa = PBXFileReference; lastKnownFileType = sourcecode.swift; path = LoadingView.swift; sourceTree = "<group>"; };
		EF518DAD27A437840082CC0A /* GoogleService-Info.plist */ = {isa = PBXFileReference; fileEncoding = 4; lastKnownFileType = text.plist.xml; name = "GoogleService-Info.plist"; path = "../../../../Downloads/GoogleService-Info.plist"; sourceTree = "<group>"; };
		EF518DB427A438160082CC0A /* AppDelegate.swift */ = {isa = PBXFileReference; lastKnownFileType = sourcecode.swift; path = AppDelegate.swift; sourceTree = "<group>"; };
		EF518DB627A43A410082CC0A /* ShareMyCariOS.entitlements */ = {isa = PBXFileReference; lastKnownFileType = text.plist.entitlements; path = ShareMyCariOS.entitlements; sourceTree = "<group>"; };
		EF710A1527B18CE500BA2D17 /* dark@1x.png */ = {isa = PBXFileReference; lastKnownFileType = image.png; path = "dark@1x.png"; sourceTree = "<group>"; };
		EF710A1627B18CE500BA2D17 /* dark@3x.png */ = {isa = PBXFileReference; lastKnownFileType = image.png; path = "dark@3x.png"; sourceTree = "<group>"; };
		EF710A1727B18CE500BA2D17 /* dark@2x.png */ = {isa = PBXFileReference; lastKnownFileType = image.png; path = "dark@2x.png"; sourceTree = "<group>"; };
		EF710A1E27B1A6C800BA2D17 /* ShareCarView.swift */ = {isa = PBXFileReference; lastKnownFileType = sourcecode.swift; path = ShareCarView.swift; sourceTree = "<group>"; };
		EFAEFF0527A8431A00A696AD /* CalendarView.swift */ = {isa = PBXFileReference; lastKnownFileType = sourcecode.swift; path = CalendarView.swift; sourceTree = "<group>"; };
		EFB0EC3727AD21DE000F909C /* Info.plist */ = {isa = PBXFileReference; lastKnownFileType = text.plist; path = Info.plist; sourceTree = "<group>"; };
		EFB0EC3A27AD23D0000F909C /* Icon.swift */ = {isa = PBXFileReference; lastKnownFileType = sourcecode.swift; path = Icon.swift; sourceTree = "<group>"; };
		EFB0EC7827AD4036000F909C /* Loader.swift */ = {isa = PBXFileReference; lastKnownFileType = sourcecode.swift; path = Loader.swift; sourceTree = "<group>"; };
		EFC6109727AC2DB200B4F0E6 /* UpdateUserView.swift */ = {isa = PBXFileReference; lastKnownFileType = sourcecode.swift; path = UpdateUserView.swift; sourceTree = "<group>"; };
		EFEE516027A859A800F82F52 /* ViewExtension.swift */ = {isa = PBXFileReference; lastKnownFileType = sourcecode.swift; path = ViewExtension.swift; sourceTree = "<group>"; };
		EFEE516427A86CB300F82F52 /* ImagePicker.swift */ = {isa = PBXFileReference; lastKnownFileType = sourcecode.swift; path = ImagePicker.swift; sourceTree = "<group>"; };
		EFEE516627A9224300F82F52 /* UIImageExtension.swift */ = {isa = PBXFileReference; lastKnownFileType = sourcecode.swift; path = UIImageExtension.swift; sourceTree = "<group>"; };
		EFF62EA527A449A50082E8A7 /* LocationsView.swift */ = {isa = PBXFileReference; lastKnownFileType = sourcecode.swift; path = LocationsView.swift; sourceTree = "<group>"; };
		EFF62EA827A44E000082E8A7 /* LocationDetailView.swift */ = {isa = PBXFileReference; lastKnownFileType = sourcecode.swift; path = LocationDetailView.swift; sourceTree = "<group>"; };
		EFF62EAA27A450050082E8A7 /* LocationView.swift */ = {isa = PBXFileReference; lastKnownFileType = sourcecode.swift; path = LocationView.swift; sourceTree = "<group>"; };
/* End PBXFileReference section */

/* Begin PBXFrameworksBuildPhase section */
		EF518D1927A29C180082CC0A /* Frameworks */ = {
			isa = PBXFrameworksBuildPhase;
			buildActionMask = 2147483647;
			files = (
				EF710A1D27B190DE00BA2D17 /* CodeScanner in Frameworks */,
				EF518DB327A438000082CC0A /* FirebaseMessaging in Frameworks */,
				EF518DB127A438000082CC0A /* FirebaseAnalytics in Frameworks */,
				EFAEFF0427A8430100A696AD /* KVKCalendar in Frameworks */,
			);
			runOnlyForDeploymentPostprocessing = 0;
		};
		EF518D2927A29C1D0082CC0A /* Frameworks */ = {
			isa = PBXFrameworksBuildPhase;
			buildActionMask = 2147483647;
			files = (
			);
			runOnlyForDeploymentPostprocessing = 0;
		};
		EF518D3327A29C1D0082CC0A /* Frameworks */ = {
			isa = PBXFrameworksBuildPhase;
			buildActionMask = 2147483647;
			files = (
			);
			runOnlyForDeploymentPostprocessing = 0;
		};
/* End PBXFrameworksBuildPhase section */

/* Begin PBXGroup section */
		EF518D1327A29C180082CC0A = {
			isa = PBXGroup;
			children = (
				EF518D1E27A29C180082CC0A /* ShareMyCariOS */,
				EF518D2F27A29C1D0082CC0A /* ShareMyCariOSTests */,
				EF518D3927A29C1D0082CC0A /* ShareMyCariOSUITests */,
				EF518D1D27A29C180082CC0A /* Products */,
			);
			sourceTree = "<group>";
		};
		EF518D1D27A29C180082CC0A /* Products */ = {
			isa = PBXGroup;
			children = (
				EF518D1C27A29C180082CC0A /* ShareMyCariOS.app */,
				EF518D2C27A29C1D0082CC0A /* ShareMyCariOSTests.xctest */,
				EF518D3627A29C1D0082CC0A /* ShareMyCariOSUITests.xctest */,
			);
			name = Products;
			sourceTree = "<group>";
		};
		EF518D1E27A29C180082CC0A /* ShareMyCariOS */ = {
			isa = PBXGroup;
			children = (
				EFB0EC3827AD2253000F909C /* Icons */,
				EFB0EC3727AD21DE000F909C /* Info.plist */,
				EF518DB627A43A410082CC0A /* ShareMyCariOS.entitlements */,
				EF518DAD27A437840082CC0A /* GoogleService-Info.plist */,
				EF518D6927A2A7850082CC0A /* Domain */,
				EF518D4C27A29D710082CC0A /* Logic */,
				EF518D4B27A29D670082CC0A /* Infrastructure */,
				EF518D4A27A29D610082CC0A /* View */,
				EF518D1F27A29C180082CC0A /* ShareMyCariOSApp.swift */,
				EF518D2127A29C180082CC0A /* ContentView.swift */,
				EF518D2327A29C1C0082CC0A /* Assets.xcassets */,
				EF518D2527A29C1C0082CC0A /* Preview Content */,
				EF518D4F27A29DF90082CC0A /* .gitignore */,
				EF518DB427A438160082CC0A /* AppDelegate.swift */,
			);
			path = ShareMyCariOS;
			sourceTree = "<group>";
		};
		EF518D2527A29C1C0082CC0A /* Preview Content */ = {
			isa = PBXGroup;
			children = (
				EF518D2627A29C1C0082CC0A /* Preview Assets.xcassets */,
			);
			path = "Preview Content";
			sourceTree = "<group>";
		};
		EF518D2F27A29C1D0082CC0A /* ShareMyCariOSTests */ = {
			isa = PBXGroup;
			children = (
				EF518D3027A29C1D0082CC0A /* ShareMyCariOSTests.swift */,
			);
			path = ShareMyCariOSTests;
			sourceTree = "<group>";
		};
		EF518D3927A29C1D0082CC0A /* ShareMyCariOSUITests */ = {
			isa = PBXGroup;
			children = (
				EF518D3A27A29C1D0082CC0A /* ShareMyCariOSUITests.swift */,
				EF518D3C27A29C1D0082CC0A /* ShareMyCariOSUITestsLaunchTests.swift */,
			);
			path = ShareMyCariOSUITests;
			sourceTree = "<group>";
		};
		EF518D4927A29D580082CC0A /* Navigation */ = {
			isa = PBXGroup;
			children = (
				EF518D4D27A29D890082CC0A /* MenuItem.swift */,
			);
			path = Navigation;
			sourceTree = "<group>";
		};
		EF518D4A27A29D610082CC0A /* View */ = {
			isa = PBXGroup;
			children = (
				EF518D9A27A3F6E60082CC0A /* Location */,
				EF518D6627A2A6110082CC0A /* Shared */,
				EF518D6327A2A0CC0082CC0A /* General */,
				EF518D6227A2A0530082CC0A /* Settings */,
				EF518D6127A2A04A0082CC0A /* Rides */,
				EF518D5E27A2A0340082CC0A /* Register */,
				EF518D5C27A29FB20082CC0A /* Login */,
				EF518D5B27A29FAD0082CC0A /* Home */,
			);
			path = View;
			sourceTree = "<group>";
		};
		EF518D4B27A29D670082CC0A /* Infrastructure */ = {
			isa = PBXGroup;
			children = (
				EF518D7727A2CE940082CC0A /* Services */,
				EF518D7627A2CE8F0082CC0A /* Wrappers */,
			);
			path = Infrastructure;
			sourceTree = "<group>";
		};
		EF518D4C27A29D710082CC0A /* Logic */ = {
			isa = PBXGroup;
			children = (
				EFB0EC3927AD23C7000F909C /* Icons */,
				EF518DA827A416810082CC0A /* Extensions */,
				EF518D4927A29D580082CC0A /* Navigation */,
				EFB0EC7827AD4036000F909C /* Loader.swift */,
			);
			path = Logic;
			sourceTree = "<group>";
		};
		EF518D5B27A29FAD0082CC0A /* Home */ = {
			isa = PBXGroup;
			children = (
				EF518D5527A29F8D0082CC0A /* HomeView.swift */,
				EF518D7227A2AE3A0082CC0A /* CarView.swift */,
				EF518D7A27A2D13C0082CC0A /* AddCarView.swift */,
				EF518D8027A2D6C90082CC0A /* CarDetailView.swift */,
				EF518D8427A2FD0C0082CC0A /* UpdateCarView.swift */,
				EF710A1E27B1A6C800BA2D17 /* ShareCarView.swift */,
			);
			path = Home;
			sourceTree = "<group>";
		};
		EF518D5C27A29FB20082CC0A /* Login */ = {
			isa = PBXGroup;
			children = (
				EF518D5127A29F780082CC0A /* LoginView.swift */,
			);
			path = Login;
			sourceTree = "<group>";
		};
		EF518D5E27A2A0340082CC0A /* Register */ = {
			isa = PBXGroup;
			children = (
				EF518D5F27A2A0440082CC0A /* RegisterView.swift */,
			);
			path = Register;
			sourceTree = "<group>";
		};
		EF518D6127A2A04A0082CC0A /* Rides */ = {
			isa = PBXGroup;
			children = (
				EF518D9227A3EE940082CC0A /* CreateRideView.swift */,
				EF518D8A27A316650082CC0A /* RideView.swift */,
				EF518D5727A29F9D0082CC0A /* RidesView.swift */,
				EF518D8C27A319230082CC0A /* RideDetailView.swift */,
				EF518D9D27A401010082CC0A /* UpdateRideView.swift */,
			);
			path = Rides;
			sourceTree = "<group>";
		};
		EF518D6227A2A0530082CC0A /* Settings */ = {
			isa = PBXGroup;
			children = (
				EF518D5927A29FA70082CC0A /* SettingsView.swift */,
				EFC6109727AC2DB200B4F0E6 /* UpdateUserView.swift */,
			);
			path = Settings;
			sourceTree = "<group>";
		};
		EF518D6327A2A0CC0082CC0A /* General */ = {
			isa = PBXGroup;
			children = (
				EF518D6427A2A0EA0082CC0A /* GeneralPageLayout.swift */,
			);
			path = General;
			sourceTree = "<group>";
		};
		EF518D6627A2A6110082CC0A /* Shared */ = {
			isa = PBXGroup;
			children = (
				EF518D6727A2A6200082CC0A /* TextPresets.swift */,
				EF518DAB27A41E4B0082CC0A /* LoadingView.swift */,
				EFAEFF0527A8431A00A696AD /* CalendarView.swift */,
				EFEE516427A86CB300F82F52 /* ImagePicker.swift */,
			);
			path = Shared;
			sourceTree = "<group>";
		};
		EF518D6927A2A7850082CC0A /* Domain */ = {
			isa = PBXGroup;
			children = (
				EF518D6A27A2A7CF0082CC0A /* Ride.swift */,
				EF518D6C27A2A8970082CC0A /* Location.swift */,
				EF518D6E27A2A8E30082CC0A /* User.swift */,
				EF518D7027A2A91F0082CC0A /* Car.swift */,
			);
			path = Domain;
			sourceTree = "<group>";
		};
		EF518D7627A2CE8F0082CC0A /* Wrappers */ = {
			isa = PBXGroup;
			children = (
				EF518D7827A2CEA20082CC0A /* UserWrapper.swift */,
				EF518D7E27A2D4D70082CC0A /* CarWrapper.swift */,
				EF518D8827A311E90082CC0A /* RidesWrapper.swift */,
				EF518D9027A323430082CC0A /* RideWrapper.swift */,
				EF518D9827A3F39B0082CC0A /* LocationWrapper.swift */,
				EF518DA127A4140A0082CC0A /* AuthenticationsWrappers.swift */,
			);
			path = Wrappers;
			sourceTree = "<group>";
		};
		EF518D7727A2CE940082CC0A /* Services */ = {
			isa = PBXGroup;
			children = (
				EFF62EA727A44AAF0082E8A7 /* api */,
				EF518DA327A414F80082CC0A /* keychain */,
			);
			path = Services;
			sourceTree = "<group>";
		};
		EF518D9A27A3F6E60082CC0A /* Location */ = {
			isa = PBXGroup;
			children = (
				EF518D9B27A3F6F30082CC0A /* CreateLocationView.swift */,
				EFF62EA527A449A50082E8A7 /* LocationsView.swift */,
				EFF62EA827A44E000082E8A7 /* LocationDetailView.swift */,
				EFF62EAA27A450050082E8A7 /* LocationView.swift */,
			);
			path = Location;
			sourceTree = "<group>";
		};
		EF518DA327A414F80082CC0A /* keychain */ = {
			isa = PBXGroup;
			children = (
				EF518DA427A415020082CC0A /* KeyChainService.swift */,
			);
			path = keychain;
			sourceTree = "<group>";
		};
		EF518DA827A416810082CC0A /* Extensions */ = {
			isa = PBXGroup;
			children = (
				EF518D9427A3F1C30082CC0A /* DateExtensions.swift */,
				EF518DA627A4167E0082CC0A /* DataExtensions.swift */,
				EF518DA927A416AD0082CC0A /* IntExtensions.swift */,
				EFEE516027A859A800F82F52 /* ViewExtension.swift */,
				EFEE516627A9224300F82F52 /* UIImageExtension.swift */,
			);
			path = Extensions;
			sourceTree = "<group>";
		};
		EFB0EC3827AD2253000F909C /* Icons */ = {
			isa = PBXGroup;
			children = (
				EF710A1527B18CE500BA2D17 /* dark@1x.png */,
				EF710A1627B18CE500BA2D17 /* dark@3x.png */,
				EF710A1727B18CE500BA2D17 /* dark@2x.png */,
			);
			path = Icons;
			sourceTree = "<group>";
		};
		EFB0EC3927AD23C7000F909C /* Icons */ = {
			isa = PBXGroup;
			children = (
				EFB0EC3A27AD23D0000F909C /* Icon.swift */,
			);
			path = Icons;
			sourceTree = "<group>";
		};
		EFF62EA727A44AAF0082E8A7 /* api */ = {
			isa = PBXGroup;
			children = (
				EF518D7427A2CE230082CC0A /* UserService.swift */,
				EF518D7C27A2D42B0082CC0A /* CarService.swift */,
				EF518D8627A30FC30082CC0A /* GenericApiCalls.swift */,
				EF518D8E27A322FF0082CC0A /* RideService.swift */,
				EF518D9627A3F3620082CC0A /* LocationService.swift */,
				EF518D9F27A412FB0082CC0A /* AuthenticationService.swift */,
			);
			path = api;
			sourceTree = "<group>";
		};
/* End PBXGroup section */

/* Begin PBXNativeTarget section */
		EF518D1B27A29C180082CC0A /* ShareMyCariOS */ = {
			isa = PBXNativeTarget;
			buildConfigurationList = EF518D4027A29C1D0082CC0A /* Build configuration list for PBXNativeTarget "ShareMyCariOS" */;
			buildPhases = (
				EF518D1827A29C180082CC0A /* Sources */,
				EF518D1927A29C180082CC0A /* Frameworks */,
				EF518D1A27A29C180082CC0A /* Resources */,
			);
			buildRules = (
			);
			dependencies = (
			);
			name = ShareMyCariOS;
			packageProductDependencies = (
				EF518DB027A438000082CC0A /* FirebaseAnalytics */,
				EF518DB227A438000082CC0A /* FirebaseMessaging */,
				EFAEFF0327A8430100A696AD /* KVKCalendar */,
				EF710A1C27B190DE00BA2D17 /* CodeScanner */,
			);
			productName = ShareMyCariOS;
			productReference = EF518D1C27A29C180082CC0A /* ShareMyCariOS.app */;
			productType = "com.apple.product-type.application";
		};
		EF518D2B27A29C1D0082CC0A /* ShareMyCariOSTests */ = {
			isa = PBXNativeTarget;
			buildConfigurationList = EF518D4327A29C1D0082CC0A /* Build configuration list for PBXNativeTarget "ShareMyCariOSTests" */;
			buildPhases = (
				EF518D2827A29C1D0082CC0A /* Sources */,
				EF518D2927A29C1D0082CC0A /* Frameworks */,
				EF518D2A27A29C1D0082CC0A /* Resources */,
			);
			buildRules = (
			);
			dependencies = (
				EF518D2E27A29C1D0082CC0A /* PBXTargetDependency */,
			);
			name = ShareMyCariOSTests;
			productName = ShareMyCariOSTests;
			productReference = EF518D2C27A29C1D0082CC0A /* ShareMyCariOSTests.xctest */;
			productType = "com.apple.product-type.bundle.unit-test";
		};
		EF518D3527A29C1D0082CC0A /* ShareMyCariOSUITests */ = {
			isa = PBXNativeTarget;
			buildConfigurationList = EF518D4627A29C1D0082CC0A /* Build configuration list for PBXNativeTarget "ShareMyCariOSUITests" */;
			buildPhases = (
				EF518D3227A29C1D0082CC0A /* Sources */,
				EF518D3327A29C1D0082CC0A /* Frameworks */,
				EF518D3427A29C1D0082CC0A /* Resources */,
			);
			buildRules = (
			);
			dependencies = (
				EF518D3827A29C1D0082CC0A /* PBXTargetDependency */,
			);
			name = ShareMyCariOSUITests;
			productName = ShareMyCariOSUITests;
			productReference = EF518D3627A29C1D0082CC0A /* ShareMyCariOSUITests.xctest */;
			productType = "com.apple.product-type.bundle.ui-testing";
		};
/* End PBXNativeTarget section */

/* Begin PBXProject section */
		EF518D1427A29C180082CC0A /* Project object */ = {
			isa = PBXProject;
			attributes = {
				BuildIndependentTargetsInParallel = 1;
				LastSwiftUpdateCheck = 1310;
				LastUpgradeCheck = 1310;
				TargetAttributes = {
					EF518D1B27A29C180082CC0A = {
						CreatedOnToolsVersion = 13.1;
					};
					EF518D2B27A29C1D0082CC0A = {
						CreatedOnToolsVersion = 13.1;
						TestTargetID = EF518D1B27A29C180082CC0A;
					};
					EF518D3527A29C1D0082CC0A = {
						CreatedOnToolsVersion = 13.1;
						TestTargetID = EF518D1B27A29C180082CC0A;
					};
				};
			};
			buildConfigurationList = EF518D1727A29C180082CC0A /* Build configuration list for PBXProject "ShareMyCariOS" */;
			compatibilityVersion = "Xcode 13.0";
			developmentRegion = en;
			hasScannedForEncodings = 0;
			knownRegions = (
				en,
				Base,
			);
			mainGroup = EF518D1327A29C180082CC0A;
			packageReferences = (
				EF518DAF27A437FF0082CC0A /* XCRemoteSwiftPackageReference "firebase-ios-sdk" */,
				EFAEFF0227A8430100A696AD /* XCRemoteSwiftPackageReference "KVKCalendar" */,
				EF710A1B27B190DE00BA2D17 /* XCRemoteSwiftPackageReference "CodeScanner" */,
			);
			productRefGroup = EF518D1D27A29C180082CC0A /* Products */;
			projectDirPath = "";
			projectRoot = "";
			targets = (
				EF518D1B27A29C180082CC0A /* ShareMyCariOS */,
				EF518D2B27A29C1D0082CC0A /* ShareMyCariOSTests */,
				EF518D3527A29C1D0082CC0A /* ShareMyCariOSUITests */,
			);
		};
/* End PBXProject section */

/* Begin PBXResourcesBuildPhase section */
		EF518D1A27A29C180082CC0A /* Resources */ = {
			isa = PBXResourcesBuildPhase;
			buildActionMask = 2147483647;
			files = (
				EF710A1A27B18CE500BA2D17 /* dark@2x.png in Resources */,
				EF518D2727A29C1C0082CC0A /* Preview Assets.xcassets in Resources */,
				EF518DAE27A437840082CC0A /* GoogleService-Info.plist in Resources */,
				EF710A1927B18CE500BA2D17 /* dark@3x.png in Resources */,
				EF518D5027A29DF90082CC0A /* .gitignore in Resources */,
				EF518D2427A29C1C0082CC0A /* Assets.xcassets in Resources */,
				EF710A1827B18CE500BA2D17 /* dark@1x.png in Resources */,
			);
			runOnlyForDeploymentPostprocessing = 0;
		};
		EF518D2A27A29C1D0082CC0A /* Resources */ = {
			isa = PBXResourcesBuildPhase;
			buildActionMask = 2147483647;
			files = (
			);
			runOnlyForDeploymentPostprocessing = 0;
		};
		EF518D3427A29C1D0082CC0A /* Resources */ = {
			isa = PBXResourcesBuildPhase;
			buildActionMask = 2147483647;
			files = (
			);
			runOnlyForDeploymentPostprocessing = 0;
		};
/* End PBXResourcesBuildPhase section */

/* Begin PBXSourcesBuildPhase section */
		EF518D1827A29C180082CC0A /* Sources */ = {
			isa = PBXSourcesBuildPhase;
			buildActionMask = 2147483647;
			files = (
				EF518D6F27A2A8E30082CC0A /* User.swift in Sources */,
				EFEE516527A86CB300F82F52 /* ImagePicker.swift in Sources */,
				EF518DA727A4167E0082CC0A /* DataExtensions.swift in Sources */,
				EF518D9C27A3F6F30082CC0A /* CreateLocationView.swift in Sources */,
				EF518D4E27A29D890082CC0A /* MenuItem.swift in Sources */,
				EF518DB527A438160082CC0A /* AppDelegate.swift in Sources */,
				EFAEFF0627A8431A00A696AD /* CalendarView.swift in Sources */,
				EF518D5A27A29FA70082CC0A /* SettingsView.swift in Sources */,
				EFB0EC7927AD4036000F909C /* Loader.swift in Sources */,
				EF518D7B27A2D13C0082CC0A /* AddCarView.swift in Sources */,
				EF518D2227A29C180082CC0A /* ContentView.swift in Sources */,
				EFC6109827AC2DB200B4F0E6 /* UpdateUserView.swift in Sources */,
				EF518D9127A323430082CC0A /* RideWrapper.swift in Sources */,
				EF518DA227A4140A0082CC0A /* AuthenticationsWrappers.swift in Sources */,
				EF518D5627A29F8D0082CC0A /* HomeView.swift in Sources */,
				EF518D7F27A2D4D70082CC0A /* CarWrapper.swift in Sources */,
				EF518D8D27A319230082CC0A /* RideDetailView.swift in Sources */,
				EF518D6527A2A0EA0082CC0A /* GeneralPageLayout.swift in Sources */,
				EF518DAC27A41E4B0082CC0A /* LoadingView.swift in Sources */,
				EF518D9927A3F39B0082CC0A /* LocationWrapper.swift in Sources */,
				EF518D6B27A2A7CF0082CC0A /* Ride.swift in Sources */,
				EFF62EAB27A450050082E8A7 /* LocationView.swift in Sources */,
				EF518D9527A3F1C30082CC0A /* DateExtensions.swift in Sources */,
				EF518D6827A2A6200082CC0A /* TextPresets.swift in Sources */,
				EF518D9E27A401010082CC0A /* UpdateRideView.swift in Sources */,
				EF518D8B27A316650082CC0A /* RideView.swift in Sources */,
				EF518D8527A2FD0C0082CC0A /* UpdateCarView.swift in Sources */,
				EF518D5827A29F9D0082CC0A /* RidesView.swift in Sources */,
				EF518D6027A2A0440082CC0A /* RegisterView.swift in Sources */,
				EFB0EC3B27AD23D0000F909C /* Icon.swift in Sources */,
				EF518D5227A29F780082CC0A /* LoginView.swift in Sources */,
				EFF62EA627A449A50082E8A7 /* LocationsView.swift in Sources */,
				EF518D7327A2AE3A0082CC0A /* CarView.swift in Sources */,
				EF518D9327A3EE940082CC0A /* CreateRideView.swift in Sources */,
				EF518D7527A2CE230082CC0A /* UserService.swift in Sources */,
				EF518D8727A30FC30082CC0A /* GenericApiCalls.swift in Sources */,
				EF518D8F27A322FF0082CC0A /* RideService.swift in Sources */,
				EF710A1F27B1A6C800BA2D17 /* ShareCarView.swift in Sources */,
				EF518DA527A415020082CC0A /* KeyChainService.swift in Sources */,
				EF518D6D27A2A8970082CC0A /* Location.swift in Sources */,
				EF518D8127A2D6C90082CC0A /* CarDetailView.swift in Sources */,
				EF518D7927A2CEA20082CC0A /* UserWrapper.swift in Sources */,
				EF518D7D27A2D42B0082CC0A /* CarService.swift in Sources */,
				EF518DAA27A416AD0082CC0A /* IntExtensions.swift in Sources */,
				EF518D8927A311E90082CC0A /* RidesWrapper.swift in Sources */,
				EF518D7127A2A91F0082CC0A /* Car.swift in Sources */,
				EF518D2027A29C180082CC0A /* ShareMyCariOSApp.swift in Sources */,
				EFEE516127A859A800F82F52 /* ViewExtension.swift in Sources */,
				EFF62EA927A44E000082E8A7 /* LocationDetailView.swift in Sources */,
				EF518D9727A3F3620082CC0A /* LocationService.swift in Sources */,
				EF518DA027A412FB0082CC0A /* AuthenticationService.swift in Sources */,
				EFEE516727A9224300F82F52 /* UIImageExtension.swift in Sources */,
			);
			runOnlyForDeploymentPostprocessing = 0;
		};
		EF518D2827A29C1D0082CC0A /* Sources */ = {
			isa = PBXSourcesBuildPhase;
			buildActionMask = 2147483647;
			files = (
				EF518D3127A29C1D0082CC0A /* ShareMyCariOSTests.swift in Sources */,
			);
			runOnlyForDeploymentPostprocessing = 0;
		};
		EF518D3227A29C1D0082CC0A /* Sources */ = {
			isa = PBXSourcesBuildPhase;
			buildActionMask = 2147483647;
			files = (
				EF518D3B27A29C1D0082CC0A /* ShareMyCariOSUITests.swift in Sources */,
				EF518D3D27A29C1D0082CC0A /* ShareMyCariOSUITestsLaunchTests.swift in Sources */,
			);
			runOnlyForDeploymentPostprocessing = 0;
		};
/* End PBXSourcesBuildPhase section */

/* Begin PBXTargetDependency section */
		EF518D2E27A29C1D0082CC0A /* PBXTargetDependency */ = {
			isa = PBXTargetDependency;
			target = EF518D1B27A29C180082CC0A /* ShareMyCariOS */;
			targetProxy = EF518D2D27A29C1D0082CC0A /* PBXContainerItemProxy */;
		};
		EF518D3827A29C1D0082CC0A /* PBXTargetDependency */ = {
			isa = PBXTargetDependency;
			target = EF518D1B27A29C180082CC0A /* ShareMyCariOS */;
			targetProxy = EF518D3727A29C1D0082CC0A /* PBXContainerItemProxy */;
		};
/* End PBXTargetDependency section */

/* Begin XCBuildConfiguration section */
		EF518D3E27A29C1D0082CC0A /* Debug */ = {
			isa = XCBuildConfiguration;
			buildSettings = {
				ALWAYS_SEARCH_USER_PATHS = NO;
				CLANG_ANALYZER_NONNULL = YES;
				CLANG_ANALYZER_NUMBER_OBJECT_CONVERSION = YES_AGGRESSIVE;
				CLANG_CXX_LANGUAGE_STANDARD = "gnu++17";
				CLANG_CXX_LIBRARY = "libc++";
				CLANG_ENABLE_MODULES = YES;
				CLANG_ENABLE_OBJC_ARC = YES;
				CLANG_ENABLE_OBJC_WEAK = YES;
				CLANG_WARN_BLOCK_CAPTURE_AUTORELEASING = YES;
				CLANG_WARN_BOOL_CONVERSION = YES;
				CLANG_WARN_COMMA = YES;
				CLANG_WARN_CONSTANT_CONVERSION = YES;
				CLANG_WARN_DEPRECATED_OBJC_IMPLEMENTATIONS = YES;
				CLANG_WARN_DIRECT_OBJC_ISA_USAGE = YES_ERROR;
				CLANG_WARN_DOCUMENTATION_COMMENTS = YES;
				CLANG_WARN_EMPTY_BODY = YES;
				CLANG_WARN_ENUM_CONVERSION = YES;
				CLANG_WARN_INFINITE_RECURSION = YES;
				CLANG_WARN_INT_CONVERSION = YES;
				CLANG_WARN_NON_LITERAL_NULL_CONVERSION = YES;
				CLANG_WARN_OBJC_IMPLICIT_RETAIN_SELF = YES;
				CLANG_WARN_OBJC_LITERAL_CONVERSION = YES;
				CLANG_WARN_OBJC_ROOT_CLASS = YES_ERROR;
				CLANG_WARN_QUOTED_INCLUDE_IN_FRAMEWORK_HEADER = YES;
				CLANG_WARN_RANGE_LOOP_ANALYSIS = YES;
				CLANG_WARN_STRICT_PROTOTYPES = YES;
				CLANG_WARN_SUSPICIOUS_MOVE = YES;
				CLANG_WARN_UNGUARDED_AVAILABILITY = YES_AGGRESSIVE;
				CLANG_WARN_UNREACHABLE_CODE = YES;
				CLANG_WARN__DUPLICATE_METHOD_MATCH = YES;
				COPY_PHASE_STRIP = NO;
				DEBUG_INFORMATION_FORMAT = dwarf;
				ENABLE_STRICT_OBJC_MSGSEND = YES;
				ENABLE_TESTABILITY = YES;
				GCC_C_LANGUAGE_STANDARD = gnu11;
				GCC_DYNAMIC_NO_PIC = NO;
				GCC_NO_COMMON_BLOCKS = YES;
				GCC_OPTIMIZATION_LEVEL = 0;
				GCC_PREPROCESSOR_DEFINITIONS = (
					"DEBUG=1",
					"$(inherited)",
				);
				GCC_WARN_64_TO_32_BIT_CONVERSION = YES;
				GCC_WARN_ABOUT_RETURN_TYPE = YES_ERROR;
				GCC_WARN_UNDECLARED_SELECTOR = YES;
				GCC_WARN_UNINITIALIZED_AUTOS = YES_AGGRESSIVE;
				GCC_WARN_UNUSED_FUNCTION = YES;
				GCC_WARN_UNUSED_VARIABLE = YES;
				IPHONEOS_DEPLOYMENT_TARGET = 15.0;
				MTL_ENABLE_DEBUG_INFO = INCLUDE_SOURCE;
				MTL_FAST_MATH = YES;
				ONLY_ACTIVE_ARCH = YES;
				SDKROOT = iphoneos;
				SWIFT_ACTIVE_COMPILATION_CONDITIONS = DEBUG;
				SWIFT_OPTIMIZATION_LEVEL = "-Onone";
			};
			name = Debug;
		};
		EF518D3F27A29C1D0082CC0A /* Release */ = {
			isa = XCBuildConfiguration;
			buildSettings = {
				ALWAYS_SEARCH_USER_PATHS = NO;
				CLANG_ANALYZER_NONNULL = YES;
				CLANG_ANALYZER_NUMBER_OBJECT_CONVERSION = YES_AGGRESSIVE;
				CLANG_CXX_LANGUAGE_STANDARD = "gnu++17";
				CLANG_CXX_LIBRARY = "libc++";
				CLANG_ENABLE_MODULES = YES;
				CLANG_ENABLE_OBJC_ARC = YES;
				CLANG_ENABLE_OBJC_WEAK = YES;
				CLANG_WARN_BLOCK_CAPTURE_AUTORELEASING = YES;
				CLANG_WARN_BOOL_CONVERSION = YES;
				CLANG_WARN_COMMA = YES;
				CLANG_WARN_CONSTANT_CONVERSION = YES;
				CLANG_WARN_DEPRECATED_OBJC_IMPLEMENTATIONS = YES;
				CLANG_WARN_DIRECT_OBJC_ISA_USAGE = YES_ERROR;
				CLANG_WARN_DOCUMENTATION_COMMENTS = YES;
				CLANG_WARN_EMPTY_BODY = YES;
				CLANG_WARN_ENUM_CONVERSION = YES;
				CLANG_WARN_INFINITE_RECURSION = YES;
				CLANG_WARN_INT_CONVERSION = YES;
				CLANG_WARN_NON_LITERAL_NULL_CONVERSION = YES;
				CLANG_WARN_OBJC_IMPLICIT_RETAIN_SELF = YES;
				CLANG_WARN_OBJC_LITERAL_CONVERSION = YES;
				CLANG_WARN_OBJC_ROOT_CLASS = YES_ERROR;
				CLANG_WARN_QUOTED_INCLUDE_IN_FRAMEWORK_HEADER = YES;
				CLANG_WARN_RANGE_LOOP_ANALYSIS = YES;
				CLANG_WARN_STRICT_PROTOTYPES = YES;
				CLANG_WARN_SUSPICIOUS_MOVE = YES;
				CLANG_WARN_UNGUARDED_AVAILABILITY = YES_AGGRESSIVE;
				CLANG_WARN_UNREACHABLE_CODE = YES;
				CLANG_WARN__DUPLICATE_METHOD_MATCH = YES;
				COPY_PHASE_STRIP = NO;
				DEBUG_INFORMATION_FORMAT = "dwarf-with-dsym";
				ENABLE_NS_ASSERTIONS = NO;
				ENABLE_STRICT_OBJC_MSGSEND = YES;
				GCC_C_LANGUAGE_STANDARD = gnu11;
				GCC_NO_COMMON_BLOCKS = YES;
				GCC_WARN_64_TO_32_BIT_CONVERSION = YES;
				GCC_WARN_ABOUT_RETURN_TYPE = YES_ERROR;
				GCC_WARN_UNDECLARED_SELECTOR = YES;
				GCC_WARN_UNINITIALIZED_AUTOS = YES_AGGRESSIVE;
				GCC_WARN_UNUSED_FUNCTION = YES;
				GCC_WARN_UNUSED_VARIABLE = YES;
				IPHONEOS_DEPLOYMENT_TARGET = 15.0;
				MTL_ENABLE_DEBUG_INFO = NO;
				MTL_FAST_MATH = YES;
				SDKROOT = iphoneos;
				SWIFT_COMPILATION_MODE = wholemodule;
				SWIFT_OPTIMIZATION_LEVEL = "-O";
				VALIDATE_PRODUCT = YES;
			};
			name = Release;
		};
		EF518D4127A29C1D0082CC0A /* Debug */ = {
			isa = XCBuildConfiguration;
			buildSettings = {
				ASSETCATALOG_COMPILER_APPICON_NAME = AppIcon;
				ASSETCATALOG_COMPILER_GLOBAL_ACCENT_COLOR_NAME = AccentColor;
				CODE_SIGN_ENTITLEMENTS = ShareMyCariOS/ShareMyCariOS.entitlements;
				CODE_SIGN_STYLE = Automatic;
				CURRENT_PROJECT_VERSION = 1;
				DEVELOPMENT_ASSET_PATHS = "\"ShareMyCariOS/Preview Content\"";
				DEVELOPMENT_TEAM = 963LK66N4P;
				ENABLE_PREVIEWS = YES;
				GENERATE_INFOPLIST_FILE = YES;
				INFOPLIST_FILE = ShareMyCariOS/Info.plist;
				INFOPLIST_KEY_NSCalendarsUsageDescription = "Wants acces to your calendar to create rides";
				INFOPLIST_KEY_NSCameraUsageDescription = "We want to scan a qr code";
				INFOPLIST_KEY_NSFaceIDUsageDescription = "We willen zeker weten dat jij het bent";
				INFOPLIST_KEY_UIApplicationSceneManifest_Generation = YES;
				INFOPLIST_KEY_UIApplicationSupportsIndirectInputEvents = YES;
				INFOPLIST_KEY_UILaunchScreen_Generation = YES;
				INFOPLIST_KEY_UISupportedInterfaceOrientations = UIInterfaceOrientationPortrait;
				INFOPLIST_KEY_UISupportedInterfaceOrientations_iPad = UIInterfaceOrientationPortrait;
				INFOPLIST_KEY_UISupportedInterfaceOrientations_iPhone = UIInterfaceOrientationPortrait;
				LD_RUNPATH_SEARCH_PATHS = (
					"$(inherited)",
					"@executable_path/Frameworks",
				);
				MARKETING_VERSION = 1.0;
				PRODUCT_BUNDLE_IDENTIFIER = nl.Buijsen.ShareMyCariOS.ShareMyCariOS;
				PRODUCT_NAME = "$(TARGET_NAME)";
				SWIFT_EMIT_LOC_STRINGS = YES;
				SWIFT_VERSION = 5.0;
				TARGETED_DEVICE_FAMILY = 1;
			};
			name = Debug;
		};
		EF518D4227A29C1D0082CC0A /* Release */ = {
			isa = XCBuildConfiguration;
			buildSettings = {
				ASSETCATALOG_COMPILER_APPICON_NAME = AppIcon;
				ASSETCATALOG_COMPILER_GLOBAL_ACCENT_COLOR_NAME = AccentColor;
				CODE_SIGN_ENTITLEMENTS = ShareMyCariOS/ShareMyCariOS.entitlements;
				CODE_SIGN_STYLE = Automatic;
				CURRENT_PROJECT_VERSION = 1;
				DEVELOPMENT_ASSET_PATHS = "\"ShareMyCariOS/Preview Content\"";
				DEVELOPMENT_TEAM = 963LK66N4P;
				ENABLE_PREVIEWS = YES;
				GENERATE_INFOPLIST_FILE = YES;
				INFOPLIST_FILE = ShareMyCariOS/Info.plist;
				INFOPLIST_KEY_NSCalendarsUsageDescription = "Wants acces to your calendar to create rides";
				INFOPLIST_KEY_NSCameraUsageDescription = "We want to scan a qr code";
				INFOPLIST_KEY_NSFaceIDUsageDescription = "We willen zeker weten dat jij het bent";
				INFOPLIST_KEY_UIApplicationSceneManifest_Generation = YES;
				INFOPLIST_KEY_UIApplicationSupportsIndirectInputEvents = YES;
				INFOPLIST_KEY_UILaunchScreen_Generation = YES;
				INFOPLIST_KEY_UISupportedInterfaceOrientations = UIInterfaceOrientationPortrait;
				INFOPLIST_KEY_UISupportedInterfaceOrientations_iPad = UIInterfaceOrientationPortrait;
				INFOPLIST_KEY_UISupportedInterfaceOrientations_iPhone = UIInterfaceOrientationPortrait;
				LD_RUNPATH_SEARCH_PATHS = (
					"$(inherited)",
					"@executable_path/Frameworks",
				);
				MARKETING_VERSION = 1.0;
				PRODUCT_BUNDLE_IDENTIFIER = nl.Buijsen.ShareMyCariOS.ShareMyCariOS;
				PRODUCT_NAME = "$(TARGET_NAME)";
				SWIFT_EMIT_LOC_STRINGS = YES;
				SWIFT_VERSION = 5.0;
				TARGETED_DEVICE_FAMILY = 1;
			};
			name = Release;
		};
		EF518D4427A29C1D0082CC0A /* Debug */ = {
			isa = XCBuildConfiguration;
			buildSettings = {
				ALWAYS_EMBED_SWIFT_STANDARD_LIBRARIES = YES;
				BUNDLE_LOADER = "$(TEST_HOST)";
				CODE_SIGN_STYLE = Automatic;
				CURRENT_PROJECT_VERSION = 1;
				DEVELOPMENT_TEAM = 963LK66N4P;
				GENERATE_INFOPLIST_FILE = YES;
				IPHONEOS_DEPLOYMENT_TARGET = 15.0;
				LD_RUNPATH_SEARCH_PATHS = (
					"$(inherited)",
					"@executable_path/Frameworks",
					"@loader_path/Frameworks",
				);
				MARKETING_VERSION = 1.0;
				PRODUCT_BUNDLE_IDENTIFIER = nl.Buijsen.ShareMyCariOS.ShareMyCariOSTests;
				PRODUCT_NAME = "$(TARGET_NAME)";
				SWIFT_EMIT_LOC_STRINGS = NO;
				SWIFT_VERSION = 5.0;
				TARGETED_DEVICE_FAMILY = "1,2";
				TEST_HOST = "$(BUILT_PRODUCTS_DIR)/ShareMyCariOS.app/ShareMyCariOS";
			};
			name = Debug;
		};
		EF518D4527A29C1D0082CC0A /* Release */ = {
			isa = XCBuildConfiguration;
			buildSettings = {
				ALWAYS_EMBED_SWIFT_STANDARD_LIBRARIES = YES;
				BUNDLE_LOADER = "$(TEST_HOST)";
				CODE_SIGN_STYLE = Automatic;
				CURRENT_PROJECT_VERSION = 1;
				DEVELOPMENT_TEAM = 963LK66N4P;
				GENERATE_INFOPLIST_FILE = YES;
				IPHONEOS_DEPLOYMENT_TARGET = 15.0;
				LD_RUNPATH_SEARCH_PATHS = (
					"$(inherited)",
					"@executable_path/Frameworks",
					"@loader_path/Frameworks",
				);
				MARKETING_VERSION = 1.0;
				PRODUCT_BUNDLE_IDENTIFIER = nl.Buijsen.ShareMyCariOS.ShareMyCariOSTests;
				PRODUCT_NAME = "$(TARGET_NAME)";
				SWIFT_EMIT_LOC_STRINGS = NO;
				SWIFT_VERSION = 5.0;
				TARGETED_DEVICE_FAMILY = "1,2";
				TEST_HOST = "$(BUILT_PRODUCTS_DIR)/ShareMyCariOS.app/ShareMyCariOS";
			};
			name = Release;
		};
		EF518D4727A29C1D0082CC0A /* Debug */ = {
			isa = XCBuildConfiguration;
			buildSettings = {
				ALWAYS_EMBED_SWIFT_STANDARD_LIBRARIES = YES;
				CODE_SIGN_STYLE = Automatic;
				CURRENT_PROJECT_VERSION = 1;
				DEVELOPMENT_TEAM = 963LK66N4P;
				GENERATE_INFOPLIST_FILE = YES;
				LD_RUNPATH_SEARCH_PATHS = (
					"$(inherited)",
					"@executable_path/Frameworks",
					"@loader_path/Frameworks",
				);
				MARKETING_VERSION = 1.0;
				PRODUCT_BUNDLE_IDENTIFIER = nl.Buijsen.ShareMyCariOS.ShareMyCariOSUITests;
				PRODUCT_NAME = "$(TARGET_NAME)";
				SWIFT_EMIT_LOC_STRINGS = NO;
				SWIFT_VERSION = 5.0;
				TARGETED_DEVICE_FAMILY = "1,2";
				TEST_TARGET_NAME = ShareMyCariOS;
			};
			name = Debug;
		};
		EF518D4827A29C1D0082CC0A /* Release */ = {
			isa = XCBuildConfiguration;
			buildSettings = {
				ALWAYS_EMBED_SWIFT_STANDARD_LIBRARIES = YES;
				CODE_SIGN_STYLE = Automatic;
				CURRENT_PROJECT_VERSION = 1;
				DEVELOPMENT_TEAM = 963LK66N4P;
				GENERATE_INFOPLIST_FILE = YES;
				LD_RUNPATH_SEARCH_PATHS = (
					"$(inherited)",
					"@executable_path/Frameworks",
					"@loader_path/Frameworks",
				);
				MARKETING_VERSION = 1.0;
				PRODUCT_BUNDLE_IDENTIFIER = nl.Buijsen.ShareMyCariOS.ShareMyCariOSUITests;
				PRODUCT_NAME = "$(TARGET_NAME)";
				SWIFT_EMIT_LOC_STRINGS = NO;
				SWIFT_VERSION = 5.0;
				TARGETED_DEVICE_FAMILY = "1,2";
				TEST_TARGET_NAME = ShareMyCariOS;
			};
			name = Release;
		};
/* End XCBuildConfiguration section */

/* Begin XCConfigurationList section */
		EF518D1727A29C180082CC0A /* Build configuration list for PBXProject "ShareMyCariOS" */ = {
			isa = XCConfigurationList;
			buildConfigurations = (
				EF518D3E27A29C1D0082CC0A /* Debug */,
				EF518D3F27A29C1D0082CC0A /* Release */,
			);
			defaultConfigurationIsVisible = 0;
			defaultConfigurationName = Release;
		};
		EF518D4027A29C1D0082CC0A /* Build configuration list for PBXNativeTarget "ShareMyCariOS" */ = {
			isa = XCConfigurationList;
			buildConfigurations = (
				EF518D4127A29C1D0082CC0A /* Debug */,
				EF518D4227A29C1D0082CC0A /* Release */,
			);
			defaultConfigurationIsVisible = 0;
			defaultConfigurationName = Release;
		};
		EF518D4327A29C1D0082CC0A /* Build configuration list for PBXNativeTarget "ShareMyCariOSTests" */ = {
			isa = XCConfigurationList;
			buildConfigurations = (
				EF518D4427A29C1D0082CC0A /* Debug */,
				EF518D4527A29C1D0082CC0A /* Release */,
			);
			defaultConfigurationIsVisible = 0;
			defaultConfigurationName = Release;
		};
		EF518D4627A29C1D0082CC0A /* Build configuration list for PBXNativeTarget "ShareMyCariOSUITests" */ = {
			isa = XCConfigurationList;
			buildConfigurations = (
				EF518D4727A29C1D0082CC0A /* Debug */,
				EF518D4827A29C1D0082CC0A /* Release */,
			);
			defaultConfigurationIsVisible = 0;
			defaultConfigurationName = Release;
		};
/* End XCConfigurationList section */

/* Begin XCRemoteSwiftPackageReference section */
		EF518DAF27A437FF0082CC0A /* XCRemoteSwiftPackageReference "firebase-ios-sdk" */ = {
			isa = XCRemoteSwiftPackageReference;
			repositoryURL = "https://github.com/firebase/firebase-ios-sdk";
			requirement = {
				branch = master;
				kind = branch;
			};
		};
		EF710A1B27B190DE00BA2D17 /* XCRemoteSwiftPackageReference "CodeScanner" */ = {
			isa = XCRemoteSwiftPackageReference;
			repositoryURL = "https://github.com/twostraws/CodeScanner";
			requirement = {
				kind = upToNextMajorVersion;
				minimumVersion = 2.0.0;
			};
		};
		EFAEFF0227A8430100A696AD /* XCRemoteSwiftPackageReference "KVKCalendar" */ = {
			isa = XCRemoteSwiftPackageReference;
			repositoryURL = "https://github.com/kvyatkovskys/KVKCalendar.git";
			requirement = {
				kind = upToNextMajorVersion;
				minimumVersion = 0.5.8;
			};
		};
/* End XCRemoteSwiftPackageReference section */

/* Begin XCSwiftPackageProductDependency section */
		EF518DB027A438000082CC0A /* FirebaseAnalytics */ = {
			isa = XCSwiftPackageProductDependency;
			package = EF518DAF27A437FF0082CC0A /* XCRemoteSwiftPackageReference "firebase-ios-sdk" */;
			productName = FirebaseAnalytics;
		};
		EF518DB227A438000082CC0A /* FirebaseMessaging */ = {
			isa = XCSwiftPackageProductDependency;
			package = EF518DAF27A437FF0082CC0A /* XCRemoteSwiftPackageReference "firebase-ios-sdk" */;
			productName = FirebaseMessaging;
		};
		EF710A1C27B190DE00BA2D17 /* CodeScanner */ = {
			isa = XCSwiftPackageProductDependency;
			package = EF710A1B27B190DE00BA2D17 /* XCRemoteSwiftPackageReference "CodeScanner" */;
			productName = CodeScanner;
		};
		EFAEFF0327A8430100A696AD /* KVKCalendar */ = {
			isa = XCSwiftPackageProductDependency;
			package = EFAEFF0227A8430100A696AD /* XCRemoteSwiftPackageReference "KVKCalendar" */;
			productName = KVKCalendar;
		};
/* End XCSwiftPackageProductDependency section */
	};
	rootObject = EF518D1427A29C180082CC0A /* Project object */;
}
